// !$*UTF8*$!
{
	archiveVersion = 1;
	classes = {
	};
	objectVersion = 77;
	objects = {

/* Begin PBXBuildFile section */
		09B4E81654D80A8D2DF4225A /* Endpoints.swift in Sources */ = {isa = PBXBuildFile; fileRef = B0B0317C6181770D4F27FA01 /* Endpoints.swift */; };
		0D17BB75E7A06178A2FF63A6 /* TribeCore in Frameworks */ = {isa = PBXBuildFile; productRef = 9DDC3B60CC784400ABE7D5AD /* TribeCore */; };
		12216B549D2F22BAF4A98435 /* ReadyPlaceholderView.swift in Sources */ = {isa = PBXBuildFile; fileRef = E8A5ECAFC44272A704FDE3D8 /* ReadyPlaceholderView.swift */; };
		1340CA6225FB391A75663CCF /* ConnectFlow.swift in Sources */ = {isa = PBXBuildFile; fileRef = DB6ACEFB29FB90899040B83F /* ConnectFlow.swift */; };
		1519FCB148C30F831F555542 /* OnchainTipStatsCache.swift in Sources */ = {isa = PBXBuildFile; fileRef = F9D5FFEDC78531A2E9116928 /* OnchainTipStatsCache.swift */; };
		1B3F3869869F783ECBD2F35E /* Config.swift in Sources */ = {isa = PBXBuildFile; fileRef = 39B9B6AA3EF18C34D538C2A4 /* Config.swift */; };
		39BD620D6465DA6D7729BD18 /* Assets.xcassets in Resources */ = {isa = PBXBuildFile; fileRef = B8C035E8A14D8829B7F2D4DA /* Assets.xcassets */; };
		42DCF84E579837013BF0F355 /* Poll.swift in Sources */ = {isa = PBXBuildFile; fileRef = 2888D6CC9EEAD336982C0E17 /* Poll.swift */; };
		4845680FC094A13CAD991EE8 /* ERClient.swift in Sources */ = {isa = PBXBuildFile; fileRef = 26074694C874B32FB1504E70 /* ERClient.swift */; };
		577E9302C52778067B4396DF /* InteractionCache.swift in Sources */ = {isa = PBXBuildFile; fileRef = A4D9E8E58C4081E671EDFC4B /* InteractionCache.swift */; };
		57CB3DA69CE6CD53A76E77CE /* InteractionReads.swift in Sources */ = {isa = PBXBuildFile; fileRef = EF4F69FB1072F88B8847523E /* InteractionReads.swift */; };
		5A6D388AEF0763C104ECA52C /* User.swift in Sources */ = {isa = PBXBuildFile; fileRef = 210CB5BA0E0F802E20308F81 /* User.swift */; };
		629C4FA8D0FC44DEA14E2B5A /* CityCatalog.swift in Sources */ = {isa = PBXBuildFile; fileRef = 7BAE50FF86DB593BE0565EFA /* CityCatalog.swift */; };
		68B543E1B915D40702CEFBA2 /* Publish.swift in Sources */ = {isa = PBXBuildFile; fileRef = C44AB328E70DE54E82193354 /* Publish.swift */; };
		7D93DFBA2CEFB4221191DA00 /* Crowdfund.swift in Sources */ = {isa = PBXBuildFile; fileRef = C846A798957F0FD033C6947A /* Crowdfund.swift */; };
		7DBE11C993C58C1F6813E11A /* CreateAppKeyView.swift in Sources */ = {isa = PBXBuildFile; fileRef = BBC973E64D11E112ADBFDCC2 /* CreateAppKeyView.swift */; };
		8609BC81D4B83810919D67E7 /* TaskItem.swift in Sources */ = {isa = PBXBuildFile; fileRef = C4F316E31ADD4D6EB42BDFE5 /* TaskItem.swift */; };
		8F6141C598D157F3241C3849 /* Event.swift in Sources */ = {isa = PBXBuildFile; fileRef = 796ECC5DA3081DD93E34E78A /* Event.swift */; };
		999710ECCF2BC462DEC8530D /* Activity.swift in Sources */ = {isa = PBXBuildFile; fileRef = C58AEEC6020652595A0E48CD /* Activity.swift */; };
		9BD996FB8E48D51C24C3D579 /* Channel.swift in Sources */ = {isa = PBXBuildFile; fileRef = 57D461CD15BF8F037599D855 /* Channel.swift */; };
		9FC781848D28FF3079127BFC /* Tweet.swift in Sources */ = {isa = PBXBuildFile; fileRef = C5FB218F73AC2171014CC229 /* Tweet.swift */; };
		A5B712A18C22BCE125FC6B4B /* Tip.swift in Sources */ = {isa = PBXBuildFile; fileRef = 5C59DD4D305886A04B76BFA9 /* Tip.swift */; };
		B4465A5B2A3B555B0E9CDA3F /* Theme.swift in Sources */ = {isa = PBXBuildFile; fileRef = 942A2D92AA5AE19ED4682E66 /* Theme.swift */; };
		B77A6F357CC7F61D3313113B /* SeedPhraseConnectView.swift in Sources */ = {isa = PBXBuildFile; fileRef = 84B7D76F713B555018D8909F /* SeedPhraseConnectView.swift */; };
		B8FB544630F096C62E6082AA /* CityPickerView.swift in Sources */ = {isa = PBXBuildFile; fileRef = CE6A4AF1C7F7022E109914CB /* CityPickerView.swift */; };
		C4FAC6691C7EEB139CE52CB3 /* AppState.swift in Sources */ = {isa = PBXBuildFile; fileRef = 20D1036BD275800BB629E522 /* AppState.swift */; };
		C8A0EA7530428356D2B46BD1 /* DM.swift in Sources */ = {isa = PBXBuildFile; fileRef = 7E0339D1BC6661D15675D8FF /* DM.swift */; };
		D974EA50F93163C95E2C0EDA /* UserAvatarCache.swift in Sources */ = {isa = PBXBuildFile; fileRef = FC550AF1EFFB42D20B5CAC4D /* UserAvatarCache.swift */; };
		DA4040ABF56ED14EB7BC4022 /* Notification.swift in Sources */ = {isa = PBXBuildFile; fileRef = 883F07DCE90D564F8344AC20 /* Notification.swift */; };
		DBEA3679F5837AC3092FC422 /* Karma.swift in Sources */ = {isa = PBXBuildFile; fileRef = 1563E079D1D417DD80853935 /* Karma.swift */; };
		E4C7349EEFE90C752A8CB078 /* ImportIdentityView.swift in Sources */ = {isa = PBXBuildFile; fileRef = BF5DEDA0434C7CEEC965C951 /* ImportIdentityView.swift */; };
		E7FE6A73DA97D3B9EE0DA385 /* HubDecode.swift in Sources */ = {isa = PBXBuildFile; fileRef = A303A5C9C0E1F914313853FE /* HubDecode.swift */; };
		EDD1FFDCD6959E6A944CD35C /* HubClient.swift in Sources */ = {isa = PBXBuildFile; fileRef = 400407BB1BBE8FDD246EC6A3 /* HubClient.swift */; };
		F10B4DD2E0D67424A7C94CF8 /* TribeApp.swift in Sources */ = {isa = PBXBuildFile; fileRef = 4F263511F6D54A1411DBB62B /* TribeApp.swift */; };
		FF3662099FB3C2F3B4C43D51 /* RootView.swift in Sources */ = {isa = PBXBuildFile; fileRef = 22E890785885D116D49AA9EA /* RootView.swift */; };
/* End PBXBuildFile section */

/* Begin PBXFileReference section */
		13EB0054A730624F09E26DE9 /* tribe-core-swift */ = {isa = PBXFileReference; lastKnownFileType = folder; name = "tribe-core-swift"; path = "../tribe-core-swift"; sourceTree = SOURCE_ROOT; };
		1563E079D1D417DD80853935 /* Karma.swift */ = {isa = PBXFileReference; lastKnownFileType = sourcecode.swift; path = Karma.swift; sourceTree = "<group>"; };
		20D1036BD275800BB629E522 /* AppState.swift */ = {isa = PBXFileReference; lastKnownFileType = sourcecode.swift; path = AppState.swift; sourceTree = "<group>"; };
		210CB5BA0E0F802E20308F81 /* User.swift */ = {isa = PBXFileReference; lastKnownFileType = sourcecode.swift; path = User.swift; sourceTree = "<group>"; };
		22E2C00902A5487A3C3C9C4F /* Tribe.app */ = {isa = PBXFileReference; includeInIndex = 0; lastKnownFileType = wrapper.application; path = Tribe.app; sourceTree = BUILT_PRODUCTS_DIR; };
		22E890785885D116D49AA9EA /* RootView.swift */ = {isa = PBXFileReference; lastKnownFileType = sourcecode.swift; path = RootView.swift; sourceTree = "<group>"; };
		26074694C874B32FB1504E70 /* ERClient.swift */ = {isa = PBXFileReference; lastKnownFileType = sourcecode.swift; path = ERClient.swift; sourceTree = "<group>"; };
		2888D6CC9EEAD336982C0E17 /* Poll.swift */ = {isa = PBXFileReference; lastKnownFileType = sourcecode.swift; path = Poll.swift; sourceTree = "<group>"; };
		39B9B6AA3EF18C34D538C2A4 /* Config.swift */ = {isa = PBXFileReference; lastKnownFileType = sourcecode.swift; path = Config.swift; sourceTree = "<group>"; };
		400407BB1BBE8FDD246EC6A3 /* HubClient.swift */ = {isa = PBXFileReference; lastKnownFileType = sourcecode.swift; path = HubClient.swift; sourceTree = "<group>"; };
		4F263511F6D54A1411DBB62B /* TribeApp.swift */ = {isa = PBXFileReference; lastKnownFileType = sourcecode.swift; path = TribeApp.swift; sourceTree = "<group>"; };
		57D461CD15BF8F037599D855 /* Channel.swift */ = {isa = PBXFileReference; lastKnownFileType = sourcecode.swift; path = Channel.swift; sourceTree = "<group>"; };
		5C59DD4D305886A04B76BFA9 /* Tip.swift */ = {isa = PBXFileReference; lastKnownFileType = sourcecode.swift; path = Tip.swift; sourceTree = "<group>"; };
		796ECC5DA3081DD93E34E78A /* Event.swift */ = {isa = PBXFileReference; lastKnownFileType = sourcecode.swift; path = Event.swift; sourceTree = "<group>"; };
		7BAE50FF86DB593BE0565EFA /* CityCatalog.swift */ = {isa = PBXFileReference; lastKnownFileType = sourcecode.swift; path = CityCatalog.swift; sourceTree = "<group>"; };
		7E0339D1BC6661D15675D8FF /* DM.swift */ = {isa = PBXFileReference; lastKnownFileType = sourcecode.swift; path = DM.swift; sourceTree = "<group>"; };
		84B7D76F713B555018D8909F /* SeedPhraseConnectView.swift */ = {isa = PBXFileReference; lastKnownFileType = sourcecode.swift; path = SeedPhraseConnectView.swift; sourceTree = "<group>"; };
		883F07DCE90D564F8344AC20 /* Notification.swift */ = {isa = PBXFileReference; lastKnownFileType = sourcecode.swift; path = Notification.swift; sourceTree = "<group>"; };
		942A2D92AA5AE19ED4682E66 /* Theme.swift */ = {isa = PBXFileReference; lastKnownFileType = sourcecode.swift; path = Theme.swift; sourceTree = "<group>"; };
		A303A5C9C0E1F914313853FE /* HubDecode.swift */ = {isa = PBXFileReference; lastKnownFileType = sourcecode.swift; path = HubDecode.swift; sourceTree = "<group>"; };
		A4D9E8E58C4081E671EDFC4B /* InteractionCache.swift */ = {isa = PBXFileReference; lastKnownFileType = sourcecode.swift; path = InteractionCache.swift; sourceTree = "<group>"; };
		B0B0317C6181770D4F27FA01 /* Endpoints.swift */ = {isa = PBXFileReference; lastKnownFileType = sourcecode.swift; path = Endpoints.swift; sourceTree = "<group>"; };
		B8C035E8A14D8829B7F2D4DA /* Assets.xcassets */ = {isa = PBXFileReference; lastKnownFileType = folder.assetcatalog; path = Assets.xcassets; sourceTree = "<group>"; };
		BBC973E64D11E112ADBFDCC2 /* CreateAppKeyView.swift */ = {isa = PBXFileReference; lastKnownFileType = sourcecode.swift; path = CreateAppKeyView.swift; sourceTree = "<group>"; };
		BF5DEDA0434C7CEEC965C951 /* ImportIdentityView.swift */ = {isa = PBXFileReference; lastKnownFileType = sourcecode.swift; path = ImportIdentityView.swift; sourceTree = "<group>"; };
		C44AB328E70DE54E82193354 /* Publish.swift */ = {isa = PBXFileReference; lastKnownFileType = sourcecode.swift; path = Publish.swift; sourceTree = "<group>"; };
		C4F316E31ADD4D6EB42BDFE5 /* TaskItem.swift */ = {isa = PBXFileReference; lastKnownFileType = sourcecode.swift; path = TaskItem.swift; sourceTree = "<group>"; };
		C58AEEC6020652595A0E48CD /* Activity.swift */ = {isa = PBXFileReference; lastKnownFileType = sourcecode.swift; path = Activity.swift; sourceTree = "<group>"; };
		C5FB218F73AC2171014CC229 /* Tweet.swift */ = {isa = PBXFileReference; lastKnownFileType = sourcecode.swift; path = Tweet.swift; sourceTree = "<group>"; };
		C846A798957F0FD033C6947A /* Crowdfund.swift */ = {isa = PBXFileReference; lastKnownFileType = sourcecode.swift; path = Crowdfund.swift; sourceTree = "<group>"; };
		CE6A4AF1C7F7022E109914CB /* CityPickerView.swift */ = {isa = PBXFileReference; lastKnownFileType = sourcecode.swift; path = CityPickerView.swift; sourceTree = "<group>"; };
		DB6ACEFB29FB90899040B83F /* ConnectFlow.swift */ = {isa = PBXFileReference; lastKnownFileType = sourcecode.swift; path = ConnectFlow.swift; sourceTree = "<group>"; };
		DCF78BBF72B6B2797C89AD8F /* Info.plist */ = {isa = PBXFileReference; lastKnownFileType = text.plist; path = Info.plist; sourceTree = "<group>"; };
		E8A5ECAFC44272A704FDE3D8 /* ReadyPlaceholderView.swift */ = {isa = PBXFileReference; lastKnownFileType = sourcecode.swift; path = ReadyPlaceholderView.swift; sourceTree = "<group>"; };
		EF4F69FB1072F88B8847523E /* InteractionReads.swift */ = {isa = PBXFileReference; lastKnownFileType = sourcecode.swift; path = InteractionReads.swift; sourceTree = "<group>"; };
		F9D5FFEDC78531A2E9116928 /* OnchainTipStatsCache.swift */ = {isa = PBXFileReference; lastKnownFileType = sourcecode.swift; path = OnchainTipStatsCache.swift; sourceTree = "<group>"; };
		FC550AF1EFFB42D20B5CAC4D /* UserAvatarCache.swift */ = {isa = PBXFileReference; lastKnownFileType = sourcecode.swift; path = UserAvatarCache.swift; sourceTree = "<group>"; };
/* End PBXFileReference section */

/* Begin PBXFrameworksBuildPhase section */
		D8A20A07557150332CF05B19 /* Frameworks */ = {
			isa = PBXFrameworksBuildPhase;
			buildActionMask = 2147483647;
			files = (
				0D17BB75E7A06178A2FF63A6 /* TribeCore in Frameworks */,
			);
			runOnlyForDeploymentPostprocessing = 0;
		};
/* End PBXFrameworksBuildPhase section */

/* Begin PBXGroup section */
		167EB161A7E30DC366F92486 /* Products */ = {
			isa = PBXGroup;
			children = (
				22E2C00902A5487A3C3C9C4F /* Tribe.app */,
			);
			name = Products;
			sourceTree = "<group>";
		};
		3331D2BB4AF2887DA4B867B0 /* Onboarding */ = {
			isa = PBXGroup;
			children = (
				CE6A4AF1C7F7022E109914CB /* CityPickerView.swift */,
				DB6ACEFB29FB90899040B83F /* ConnectFlow.swift */,
				BBC973E64D11E112ADBFDCC2 /* CreateAppKeyView.swift */,
				BF5DEDA0434C7CEEC965C951 /* ImportIdentityView.swift */,
				84B7D76F713B555018D8909F /* SeedPhraseConnectView.swift */,
			);
			path = Onboarding;
			sourceTree = "<group>";
		};
		5479D822CB1C81ACDDD2ED3F /* Views */ = {
			isa = PBXGroup;
			children = (
				3331D2BB4AF2887DA4B867B0 /* Onboarding */,
				A221CBCA9378612D0CC0E507 /* Shell */,
			);
			path = Views;
			sourceTree = "<group>";
		};
		56A176A8E6768469468ED788 /* Common */ = {
			isa = PBXGroup;
			children = (
				7BAE50FF86DB593BE0565EFA /* CityCatalog.swift */,
				A303A5C9C0E1F914313853FE /* HubDecode.swift */,
			);
			path = Common;
			sourceTree = "<group>";
		};
		66B631989279A08C9B1E6185 /* Sources */ = {
			isa = PBXGroup;
			children = (
				C26EE9225D291300F89EDE39 /* API */,
				56A176A8E6768469468ED788 /* Common */,
				E6792D1196600CFEE0D6FBD4 /* Models */,
				CBBC78D5BE8DE8001059C69B /* State */,
				80ABFFB4F50FC6CF30A33642 /* Theme */,
				5479D822CB1C81ACDDD2ED3F /* Views */,
				39B9B6AA3EF18C34D538C2A4 /* Config.swift */,
			);
			path = Sources;
			sourceTree = "<group>";
		};
		80ABFFB4F50FC6CF30A33642 /* Theme */ = {
			isa = PBXGroup;
			children = (
				942A2D92AA5AE19ED4682E66 /* Theme.swift */,
			);
			path = Theme;
			sourceTree = "<group>";
		};
		95BB929DA79D827EB75A9546 /* Packages */ = {
			isa = PBXGroup;
			children = (
				13EB0054A730624F09E26DE9 /* tribe-core-swift */,
			);
			name = Packages;
			sourceTree = "<group>";
		};
		9EE905CBA098FA288270B3C5 /* Tribe */ = {
			isa = PBXGroup;
			children = (
				B8C035E8A14D8829B7F2D4DA /* Assets.xcassets */,
				DCF78BBF72B6B2797C89AD8F /* Info.plist */,
				4F263511F6D54A1411DBB62B /* TribeApp.swift */,
			);
			path = Tribe;
			sourceTree = "<group>";
		};
		A174E2184812E734A8430FA0 = {
			isa = PBXGroup;
			children = (
				95BB929DA79D827EB75A9546 /* Packages */,
				66B631989279A08C9B1E6185 /* Sources */,
				9EE905CBA098FA288270B3C5 /* Tribe */,
				167EB161A7E30DC366F92486 /* Products */,
			);
			sourceTree = "<group>";
		};
		A221CBCA9378612D0CC0E507 /* Shell */ = {
			isa = PBXGroup;
			children = (
				E8A5ECAFC44272A704FDE3D8 /* ReadyPlaceholderView.swift */,
				22E890785885D116D49AA9EA /* RootView.swift */,
			);
			path = Shell;
			sourceTree = "<group>";
		};
		C26EE9225D291300F89EDE39 /* API */ = {
			isa = PBXGroup;
			children = (
				B0B0317C6181770D4F27FA01 /* Endpoints.swift */,
				26074694C874B32FB1504E70 /* ERClient.swift */,
				400407BB1BBE8FDD246EC6A3 /* HubClient.swift */,
				EF4F69FB1072F88B8847523E /* InteractionReads.swift */,
				C44AB328E70DE54E82193354 /* Publish.swift */,
			);
			path = API;
			sourceTree = "<group>";
		};
		CBBC78D5BE8DE8001059C69B /* State */ = {
			isa = PBXGroup;
			children = (
				20D1036BD275800BB629E522 /* AppState.swift */,
				A4D9E8E58C4081E671EDFC4B /* InteractionCache.swift */,
				F9D5FFEDC78531A2E9116928 /* OnchainTipStatsCache.swift */,
				FC550AF1EFFB42D20B5CAC4D /* UserAvatarCache.swift */,
			);
			path = State;
			sourceTree = "<group>";
		};
		E6792D1196600CFEE0D6FBD4 /* Models */ = {
			isa = PBXGroup;
			children = (
				C58AEEC6020652595A0E48CD /* Activity.swift */,
				57D461CD15BF8F037599D855 /* Channel.swift */,
				C846A798957F0FD033C6947A /* Crowdfund.swift */,
				7E0339D1BC6661D15675D8FF /* DM.swift */,
				796ECC5DA3081DD93E34E78A /* Event.swift */,
				1563E079D1D417DD80853935 /* Karma.swift */,
				883F07DCE90D564F8344AC20 /* Notification.swift */,
				2888D6CC9EEAD336982C0E17 /* Poll.swift */,
				C4F316E31ADD4D6EB42BDFE5 /* TaskItem.swift */,
				5C59DD4D305886A04B76BFA9 /* Tip.swift */,
				C5FB218F73AC2171014CC229 /* Tweet.swift */,
				210CB5BA0E0F802E20308F81 /* User.swift */,
			);
			path = Models;
			sourceTree = "<group>";
		};
/* End PBXGroup section */

/* Begin PBXNativeTarget section */
		464EC290D16B18F3622E1557 /* Tribe */ = {
			isa = PBXNativeTarget;
			buildConfigurationList = B761A32815B9B49FB3597CEE /* Build configuration list for PBXNativeTarget "Tribe" */;
			buildPhases = (
				BB7487835A3124FF6F1AF361 /* Sources */,
				B5E37D7F1FA2B29B8A200AF6 /* Resources */,
				D8A20A07557150332CF05B19 /* Frameworks */,
			);
			buildRules = (
			);
			dependencies = (
			);
			name = Tribe;
			packageProductDependencies = (
				9DDC3B60CC784400ABE7D5AD /* TribeCore */,
			);
			productName = Tribe;
			productReference = 22E2C00902A5487A3C3C9C4F /* Tribe.app */;
			productType = "com.apple.product-type.application";
		};
/* End PBXNativeTarget section */

/* Begin PBXProject section */
		F2068BE43F844A0F8A9555C7 /* Project object */ = {
			isa = PBXProject;
			attributes = {
				BuildIndependentTargetsInParallel = YES;
				LastUpgradeCheck = 1430;
				TargetAttributes = {
					464EC290D16B18F3622E1557 = {
						DevelopmentTeam = "";
						ProvisioningStyle = Automatic;
					};
				};
			};
			buildConfigurationList = 1B0C913248C9EEFAE4665364 /* Build configuration list for PBXProject "Tribe" */;
			developmentRegion = en;
			hasScannedForEncodings = 0;
			knownRegions = (
				Base,
				en,
			);
			mainGroup = A174E2184812E734A8430FA0;
			minimizedProjectReferenceProxies = 1;
			packageReferences = (
				8C0FECA46F80FEE45AC3643D /* XCLocalSwiftPackageReference "../tribe-core-swift" */,
			);
			preferredProjectObjectVersion = 77;
			productRefGroup = 167EB161A7E30DC366F92486 /* Products */;
			projectDirPath = "";
			projectRoot = "";
			targets = (
				464EC290D16B18F3622E1557 /* Tribe */,
			);
		};
/* End PBXProject section */

/* Begin PBXResourcesBuildPhase section */
		B5E37D7F1FA2B29B8A200AF6 /* Resources */ = {
			isa = PBXResourcesBuildPhase;
			buildActionMask = 2147483647;
			files = (
				39BD620D6465DA6D7729BD18 /* Assets.xcassets in Resources */,
			);
			runOnlyForDeploymentPostprocessing = 0;
		};
/* End PBXResourcesBuildPhase section */

/* Begin PBXSourcesBuildPhase section */
		BB7487835A3124FF6F1AF361 /* Sources */ = {
			isa = PBXSourcesBuildPhase;
			buildActionMask = 2147483647;
			files = (
				999710ECCF2BC462DEC8530D /* Activity.swift in Sources */,
				C4FAC6691C7EEB139CE52CB3 /* AppState.swift in Sources */,
				9BD996FB8E48D51C24C3D579 /* Channel.swift in Sources */,
				629C4FA8D0FC44DEA14E2B5A /* CityCatalog.swift in Sources */,
				B8FB544630F096C62E6082AA /* CityPickerView.swift in Sources */,
				1B3F3869869F783ECBD2F35E /* Config.swift in Sources */,
				1340CA6225FB391A75663CCF /* ConnectFlow.swift in Sources */,
				7DBE11C993C58C1F6813E11A /* CreateAppKeyView.swift in Sources */,
				7D93DFBA2CEFB4221191DA00 /* Crowdfund.swift in Sources */,
				C8A0EA7530428356D2B46BD1 /* DM.swift in Sources */,
				4845680FC094A13CAD991EE8 /* ERClient.swift in Sources */,
				09B4E81654D80A8D2DF4225A /* Endpoints.swift in Sources */,
				8F6141C598D157F3241C3849 /* Event.swift in Sources */,
				EDD1FFDCD6959E6A944CD35C /* HubClient.swift in Sources */,
				E7FE6A73DA97D3B9EE0DA385 /* HubDecode.swift in Sources */,
				E4C7349EEFE90C752A8CB078 /* ImportIdentityView.swift in Sources */,
				577E9302C52778067B4396DF /* InteractionCache.swift in Sources */,
				57CB3DA69CE6CD53A76E77CE /* InteractionReads.swift in Sources */,
				DBEA3679F5837AC3092FC422 /* Karma.swift in Sources */,
				DA4040ABF56ED14EB7BC4022 /* Notification.swift in Sources */,
				1519FCB148C30F831F555542 /* OnchainTipStatsCache.swift in Sources */,
				42DCF84E579837013BF0F355 /* Poll.swift in Sources */,
				68B543E1B915D40702CEFBA2 /* Publish.swift in Sources */,
				12216B549D2F22BAF4A98435 /* ReadyPlaceholderView.swift in Sources */,
				FF3662099FB3C2F3B4C43D51 /* RootView.swift in Sources */,
				B77A6F357CC7F61D3313113B /* SeedPhraseConnectView.swift in Sources */,
				8609BC81D4B83810919D67E7 /* TaskItem.swift in Sources */,
				B4465A5B2A3B555B0E9CDA3F /* Theme.swift in Sources */,
				A5B712A18C22BCE125FC6B4B /* Tip.swift in Sources */,
				F10B4DD2E0D67424A7C94CF8 /* TribeApp.swift in Sources */,
				9FC781848D28FF3079127BFC /* Tweet.swift in Sources */,
				5A6D388AEF0763C104ECA52C /* User.swift in Sources */,
				D974EA50F93163C95E2C0EDA /* UserAvatarCache.swift in Sources */,
			);
			runOnlyForDeploymentPostprocessing = 0;
		};
/* End PBXSourcesBuildPhase section */

/* Begin XCBuildConfiguration section */
		1E9182AD40CCF8C04A037613 /* Release */ = {
			isa = XCBuildConfiguration;
			buildSettings = {
				ALWAYS_SEARCH_USER_PATHS = NO;
				CLANG_ANALYZER_NONNULL = YES;
				CLANG_ANALYZER_NUMBER_OBJECT_CONVERSION = YES_AGGRESSIVE;
				CLANG_CXX_LANGUAGE_STANDARD = "gnu++14";
				CLANG_CXX_LIBRARY = "libc++";
				CLANG_ENABLE_MODULES = YES;
				CLANG_ENABLE_OBJC_ARC = YES;
				CLANG_ENABLE_OBJC_WEAK = YES;
				CLANG_WARN_BLOCK_CAPTURE_AUTORELEASING = YES;
				CLANG_WARN_BOOL_CONVERSION = YES;
				CLANG_WARN_COMMA = YES;
				CLANG_WARN_CONSTANT_CONVERSION = YES;
				CLANG_WARN_DEPRECATED_OBJC_IMPLEMENTATIONS = YES;
				CLANG_WARN_DIRECT_OBJC_ISA_USAGE = YES_ERROR;
				CLANG_WARN_DOCUMENTATION_COMMENTS = YES;
				CLANG_WARN_EMPTY_BODY = YES;
				CLANG_WARN_ENUM_CONVERSION = YES;
				CLANG_WARN_INFINITE_RECURSION = YES;
				CLANG_WARN_INT_CONVERSION = YES;
				CLANG_WARN_NON_LITERAL_NULL_CONVERSION = YES;
				CLANG_WARN_OBJC_IMPLICIT_RETAIN_SELF = YES;
				CLANG_WARN_OBJC_LITERAL_CONVERSION = YES;
				CLANG_WARN_OBJC_ROOT_CLASS = YES_ERROR;
				CLANG_WARN_QUOTED_INCLUDE_IN_FRAMEWORK_HEADER = YES;
				CLANG_WARN_RANGE_LOOP_ANALYSIS = YES;
				CLANG_WARN_STRICT_PROTOTYPES = YES;
				CLANG_WARN_SUSPICIOUS_MOVE = YES;
				CLANG_WARN_UNGUARDED_AVAILABILITY = YES_AGGRESSIVE;
				CLANG_WARN_UNREACHABLE_CODE = YES;
				CLANG_WARN__DUPLICATE_METHOD_MATCH = YES;
				COPY_PHASE_STRIP = NO;
				DEBUG_INFORMATION_FORMAT = "dwarf-with-dsym";
				ENABLE_NS_ASSERTIONS = NO;
				ENABLE_STRICT_OBJC_MSGSEND = YES;
				ENABLE_USER_SCRIPT_SANDBOXING = NO;
				GCC_C_LANGUAGE_STANDARD = gnu11;
				GCC_NO_COMMON_BLOCKS = YES;
				GCC_WARN_64_TO_32_BIT_CONVERSION = YES;
				GCC_WARN_ABOUT_RETURN_TYPE = YES_ERROR;
				GCC_WARN_UNDECLARED_SELECTOR = YES;
				GCC_WARN_UNINITIALIZED_AUTOS = YES_AGGRESSIVE;
				GCC_WARN_UNUSED_FUNCTION = YES;
				GCC_WARN_UNUSED_VARIABLE = YES;
				GENERATE_INFOPLIST_FILE = NO;
				IPHONEOS_DEPLOYMENT_TARGET = 17.0;
				MTL_ENABLE_DEBUG_INFO = NO;
				MTL_FAST_MATH = YES;
				PRODUCT_NAME = "$(TARGET_NAME)";
				SDKROOT = iphoneos;
				SWIFT_COMPILATION_MODE = wholemodule;
				SWIFT_OPTIMIZATION_LEVEL = "-O";
				SWIFT_VERSION = 5.9;
			};
			name = Release;
		};
		69C34916CD5DC3674E47B350 /* Release */ = {
			isa = XCBuildConfiguration;
			buildSettings = {
				ASSETCATALOG_COMPILER_APPICON_NAME = AppIcon;
				ASSETCATALOG_COMPILER_GLOBAL_ACCENT_COLOR_NAME = AccentColor;
				CODE_SIGN_IDENTITY = "Apple Development";
				CODE_SIGN_STYLE = Automatic;
				CURRENT_PROJECT_VERSION = 1;
				DEVELOPMENT_TEAM = "";
				ENABLE_PREVIEWS = YES;
				INFOPLIST_FILE = Tribe/Info.plist;
				LD_RUNPATH_SEARCH_PATHS = (
					"$(inherited)",
					"@executable_path/Frameworks",
				);
				MARKETING_VERSION = 0.1.0;
				PRODUCT_BUNDLE_IDENTIFIER = app.tribe.app;
				PRODUCT_NAME = Tribe;
				SDKROOT = iphoneos;
				SUPPORTED_PLATFORMS = "iphoneos iphonesimulator";
				SUPPORTS_MACCATALYST = NO;
				SUPPORTS_MAC_DESIGNED_FOR_IPHONE_IPAD = NO;
				SUPPORTS_XR_DESIGNED_FOR_IPHONE_IPAD = NO;
				SWIFT_EMIT_LOC_STRINGS = YES;
				TARGETED_DEVICE_FAMILY = 1;
			};
			name = Release;
		};
		933C785262E91F4B43F99472 /* Debug */ = {
			isa = XCBuildConfiguration;
			buildSettings = {
				ASSETCATALOG_COMPILER_APPICON_NAME = AppIcon;
				ASSETCATALOG_COMPILER_GLOBAL_ACCENT_COLOR_NAME = AccentColor;
				CODE_SIGN_IDENTITY = "Apple Development";
				CODE_SIGN_STYLE = Automatic;
				CURRENT_PROJECT_VERSION = 1;
				DEVELOPMENT_TEAM = "";
				ENABLE_PREVIEWS = YES;
				INFOPLIST_FILE = Tribe/Info.plist;
				LD_RUNPATH_SEARCH_PATHS = (
					"$(inherited)",
					"@executable_path/Frameworks",
				);
				MARKETING_VERSION = 0.1.0;
				PRODUCT_BUNDLE_IDENTIFIER = app.tribe.app;
				PRODUCT_NAME = Tribe;
				SDKROOT = iphoneos;
				SUPPORTED_PLATFORMS = "iphoneos iphonesimulator";
				SUPPORTS_MACCATALYST = NO;
				SUPPORTS_MAC_DESIGNED_FOR_IPHONE_IPAD = NO;
				SUPPORTS_XR_DESIGNED_FOR_IPHONE_IPAD = NO;
				SWIFT_EMIT_LOC_STRINGS = YES;
				TARGETED_DEVICE_FAMILY = 1;
			};
			name = Debug;
		};
		F6D4AF7553C481BBC0904F36 /* Debug */ = {
			isa = XCBuildConfiguration;
			buildSettings = {
				ALWAYS_SEARCH_USER_PATHS = NO;
				CLANG_ANALYZER_NONNULL = YES;
				CLANG_ANALYZER_NUMBER_OBJECT_CONVERSION = YES_AGGRESSIVE;
				CLANG_CXX_LANGUAGE_STANDARD = "gnu++14";
				CLANG_CXX_LIBRARY = "libc++";
				CLANG_ENABLE_MODULES = YES;
				CLANG_ENABLE_OBJC_ARC = YES;
				CLANG_ENABLE_OBJC_WEAK = YES;
				CLANG_WARN_BLOCK_CAPTURE_AUTORELEASING = YES;
				CLANG_WARN_BOOL_CONVERSION = YES;
				CLANG_WARN_COMMA = YES;
				CLANG_WARN_CONSTANT_CONVERSION = YES;
				CLANG_WARN_DEPRECATED_OBJC_IMPLEMENTATIONS = YES;
				CLANG_WARN_DIRECT_OBJC_ISA_USAGE = YES_ERROR;
				CLANG_WARN_DOCUMENTATION_COMMENTS = YES;
				CLANG_WARN_EMPTY_BODY = YES;
				CLANG_WARN_ENUM_CONVERSION = YES;
				CLANG_WARN_INFINITE_RECURSION = YES;
				CLANG_WARN_INT_CONVERSION = YES;
				CLANG_WARN_NON_LITERAL_NULL_CONVERSION = YES;
				CLANG_WARN_OBJC_IMPLICIT_RETAIN_SELF = YES;
				CLANG_WARN_OBJC_LITERAL_CONVERSION = YES;
				CLANG_WARN_OBJC_ROOT_CLASS = YES_ERROR;
				CLANG_WARN_QUOTED_INCLUDE_IN_FRAMEWORK_HEADER = YES;
				CLANG_WARN_RANGE_LOOP_ANALYSIS = YES;
				CLANG_WARN_STRICT_PROTOTYPES = YES;
				CLANG_WARN_SUSPICIOUS_MOVE = YES;
				CLANG_WARN_UNGUARDED_AVAILABILITY = YES_AGGRESSIVE;
				CLANG_WARN_UNREACHABLE_CODE = YES;
				CLANG_WARN__DUPLICATE_METHOD_MATCH = YES;
				COPY_PHASE_STRIP = NO;
				DEBUG_INFORMATION_FORMAT = dwarf;
				ENABLE_STRICT_OBJC_MSGSEND = YES;
				ENABLE_TESTABILITY = YES;
				ENABLE_USER_SCRIPT_SANDBOXING = NO;
				GCC_C_LANGUAGE_STANDARD = gnu11;
				GCC_DYNAMIC_NO_PIC = NO;
				GCC_NO_COMMON_BLOCKS = YES;
				GCC_OPTIMIZATION_LEVEL = 0;
				GCC_PREPROCESSOR_DEFINITIONS = (
					"$(inherited)",
					"DEBUG=1",
				);
				GCC_WARN_64_TO_32_BIT_CONVERSION = YES;
				GCC_WARN_ABOUT_RETURN_TYPE = YES_ERROR;
				GCC_WARN_UNDECLARED_SELECTOR = YES;
				GCC_WARN_UNINITIALIZED_AUTOS = YES_AGGRESSIVE;
				GCC_WARN_UNUSED_FUNCTION = YES;
				GCC_WARN_UNUSED_VARIABLE = YES;
				GENERATE_INFOPLIST_FILE = NO;
				IPHONEOS_DEPLOYMENT_TARGET = 17.0;
				MTL_ENABLE_DEBUG_INFO = INCLUDE_SOURCE;
				MTL_FAST_MATH = YES;
				ONLY_ACTIVE_ARCH = YES;
				PRODUCT_NAME = "$(TARGET_NAME)";
				SDKROOT = iphoneos;
				SWIFT_ACTIVE_COMPILATION_CONDITIONS = DEBUG;
				SWIFT_OPTIMIZATION_LEVEL = "-Onone";
				SWIFT_VERSION = 5.9;
			};
			name = Debug;
		};
/* End XCBuildConfiguration section */

/* Begin XCConfigurationList section */
		1B0C913248C9EEFAE4665364 /* Build configuration list for PBXProject "Tribe" */ = {
			isa = XCConfigurationList;
			buildConfigurations = (
				F6D4AF7553C481BBC0904F36 /* Debug */,
				1E9182AD40CCF8C04A037613 /* Release */,
			);
			defaultConfigurationIsVisible = 0;
			defaultConfigurationName = Debug;
		};
		B761A32815B9B49FB3597CEE /* Build configuration list for PBXNativeTarget "Tribe" */ = {
			isa = XCConfigurationList;
			buildConfigurations = (
				933C785262E91F4B43F99472 /* Debug */,
				69C34916CD5DC3674E47B350 /* Release */,
			);
			defaultConfigurationIsVisible = 0;
			defaultConfigurationName = Debug;
		};
/* End XCConfigurationList section */

/* Begin XCLocalSwiftPackageReference section */
		8C0FECA46F80FEE45AC3643D /* XCLocalSwiftPackageReference "../tribe-core-swift" */ = {
			isa = XCLocalSwiftPackageReference;
			relativePath = "../tribe-core-swift";
		};
/* End XCLocalSwiftPackageReference section */

/* Begin XCSwiftPackageProductDependency section */
		9DDC3B60CC784400ABE7D5AD /* TribeCore */ = {
			isa = XCSwiftPackageProductDependency;
			productName = TribeCore;
		};
/* End XCSwiftPackageProductDependency section */
	};
	rootObject = F2068BE43F844A0F8A9555C7 /* Project object */;
}
