// !$*UTF8*$!
{
	archiveVersion = 1;
	classes = {
	};
	objectVersion = 77;
	objects = {

/* Begin PBXBuildFile section */
		05D2324839AB4C294415EB52 /* NotificationsStore.swift in Sources */ = {isa = PBXBuildFile; fileRef = 4574EEDEC4BB8FC28300AB90 /* NotificationsStore.swift */; };
		09B4E81654D80A8D2DF4225A /* Endpoints.swift in Sources */ = {isa = PBXBuildFile; fileRef = B0B0317C6181770D4F27FA01 /* Endpoints.swift */; };
		0C6A8A693B8FF4C23060E78A /* NewDMSheet.swift in Sources */ = {isa = PBXBuildFile; fileRef = D7BE551BF16A9957198C2FFE /* NewDMSheet.swift */; };
		0D17BB75E7A06178A2FF63A6 /* TribeCore in Frameworks */ = {isa = PBXBuildFile; productRef = 9DDC3B60CC784400ABE7D5AD /* TribeCore */; };
		0D937F33CB2594E4A6BC23B0 /* RelativeTime.swift in Sources */ = {isa = PBXBuildFile; fileRef = FD97737CA90A0857F0BE5F55 /* RelativeTime.swift */; };
		1340CA6225FB391A75663CCF /* ConnectFlow.swift in Sources */ = {isa = PBXBuildFile; fileRef = DB6ACEFB29FB90899040B83F /* ConnectFlow.swift */; };
		150DB5A5E1896AEFA0F22475 /* PollCardView.swift in Sources */ = {isa = PBXBuildFile; fileRef = FA2572C9B793C493031A1AC7 /* PollCardView.swift */; };
		1519FCB148C30F831F555542 /* OnchainTipStatsCache.swift in Sources */ = {isa = PBXBuildFile; fileRef = F9D5FFEDC78531A2E9116928 /* OnchainTipStatsCache.swift */; };
		18BD77F211271C5FB7EC502B /* FollowListView.swift in Sources */ = {isa = PBXBuildFile; fileRef = CD367A684EDD86C88B3AF742 /* FollowListView.swift */; };
		18F046D8A78918758995D7D0 /* CreatePollComposer.swift in Sources */ = {isa = PBXBuildFile; fileRef = 836F3F62D1D1612D4FD735B1 /* CreatePollComposer.swift */; };
		1B3F3869869F783ECBD2F35E /* Config.swift in Sources */ = {isa = PBXBuildFile; fileRef = 39B9B6AA3EF18C34D538C2A4 /* Config.swift */; };
		1F2BB97E54B4048F39DC7671 /* FormatCount.swift in Sources */ = {isa = PBXBuildFile; fileRef = 44B86BD45D2414FE1DFEA647 /* FormatCount.swift */; };
		2B34A5F10607AFDCFA2145D6 /* Slug.swift in Sources */ = {isa = PBXBuildFile; fileRef = 5FA8FD7C67A4F087BE9CF2AE /* Slug.swift */; };
		3734B65DE5C0ED03B84FB1C3 /* ShellPlaceholderScreen.swift in Sources */ = {isa = PBXBuildFile; fileRef = 7740838B52095456DD8F44AF /* ShellPlaceholderScreen.swift */; };
		39BD620D6465DA6D7729BD18 /* Assets.xcassets in Resources */ = {isa = PBXBuildFile; fileRef = B8C035E8A14D8829B7F2D4DA /* Assets.xcassets */; };
		3BB65894B6E8BA95FF88A8D9 /* ShellTab.swift in Sources */ = {isa = PBXBuildFile; fileRef = 155F8E1275747FF09B2BF696 /* ShellTab.swift */; };
		3C2BBC66FD482834E3735324 /* HomeFeedItemsView.swift in Sources */ = {isa = PBXBuildFile; fileRef = F95C3328A83629F9C0A2C2AE /* HomeFeedItemsView.swift */; };
		3EBDAF4B583F4CFA8DFD9E40 /* ComposeTweetView.swift in Sources */ = {isa = PBXBuildFile; fileRef = 96FEC6D41B8E9F010F0B371D /* ComposeTweetView.swift */; };
		42DCF84E579837013BF0F355 /* Poll.swift in Sources */ = {isa = PBXBuildFile; fileRef = 2888D6CC9EEAD336982C0E17 /* Poll.swift */; };
		43A52D8849DD837B517F0E21 /* MapDummyData.swift in Sources */ = {isa = PBXBuildFile; fileRef = D75324EF5DECA23A2EEAC636 /* MapDummyData.swift */; };
		455F21F1D3B7E2AA8CAC207D /* CreateHubView.swift in Sources */ = {isa = PBXBuildFile; fileRef = 57DB2940906876772C47FF0A /* CreateHubView.swift */; };
		4845680FC094A13CAD991EE8 /* ERClient.swift in Sources */ = {isa = PBXBuildFile; fileRef = 26074694C874B32FB1504E70 /* ERClient.swift */; };
		4BE17E57B8A34B5E23BC7F32 /* TweetMediaPreview.swift in Sources */ = {isa = PBXBuildFile; fileRef = B0BF79C4209D3F8D0917807B /* TweetMediaPreview.swift */; };
		577E9302C52778067B4396DF /* InteractionCache.swift in Sources */ = {isa = PBXBuildFile; fileRef = A4D9E8E58C4081E671EDFC4B /* InteractionCache.swift */; };
		57CB3DA69CE6CD53A76E77CE /* InteractionReads.swift in Sources */ = {isa = PBXBuildFile; fileRef = EF4F69FB1072F88B8847523E /* InteractionReads.swift */; };
		5A6D388AEF0763C104ECA52C /* User.swift in Sources */ = {isa = PBXBuildFile; fileRef = 210CB5BA0E0F802E20308F81 /* User.swift */; };
		5B7FEC9D5BEA71D477C42C86 /* KarmaSheet.swift in Sources */ = {isa = PBXBuildFile; fileRef = DA23D4F13336D3DA83D7EA8B /* KarmaSheet.swift */; };
		629C4FA8D0FC44DEA14E2B5A /* CityCatalog.swift in Sources */ = {isa = PBXBuildFile; fileRef = 7BAE50FF86DB593BE0565EFA /* CityCatalog.swift */; };
		637770E9F107E7B121DCBEC4 /* HubSettlementBadge.swift in Sources */ = {isa = PBXBuildFile; fileRef = 09ABC87B51A233D3A59DBD54 /* HubSettlementBadge.swift */; };
		63C8FCBE2FA0E45688A09226 /* SolanaRPCClient.swift in Sources */ = {isa = PBXBuildFile; fileRef = 5C64AE38FA22EF52A3C9B412 /* SolanaRPCClient.swift */; };
		64973A0283EBB2A2CB278D8D /* HomeFeedView.swift in Sources */ = {isa = PBXBuildFile; fileRef = 4EEEB51F07EA129D77CC2E88 /* HomeFeedView.swift */; };
		667FA0EE942405B2E90FBB88 /* ChatListView.swift in Sources */ = {isa = PBXBuildFile; fileRef = C7B8B8EB5A074A2E441672DB /* ChatListView.swift */; };
		68B543E1B915D40702CEFBA2 /* Publish.swift in Sources */ = {isa = PBXBuildFile; fileRef = C44AB328E70DE54E82193354 /* Publish.swift */; };
		6BE6FDC0B42DEAE2950DE77F /* TribeDetailView.swift in Sources */ = {isa = PBXBuildFile; fileRef = FDA368F61910EB298748F73E /* TribeDetailView.swift */; };
		6C3CD0F3B38B56C36812AAF7 /* AppHeader.swift in Sources */ = {isa = PBXBuildFile; fileRef = F1F63C33A661A1B5345DDE43 /* AppHeader.swift */; };
		6EC65981830DC529D0D8CDDE /* TweetCardView.swift in Sources */ = {isa = PBXBuildFile; fileRef = DFFF58CB923DF415352F0B30 /* TweetCardView.swift */; };
		75E7751C51B607A9F1C1FF48 /* CitySwitchOverlay.swift in Sources */ = {isa = PBXBuildFile; fileRef = 395D0A57F7AA1A56EC735900 /* CitySwitchOverlay.swift */; };
		7CF7010A5417D698CBDA0C2C /* TaskCardView.swift in Sources */ = {isa = PBXBuildFile; fileRef = 8C338D9EA6F3121AF9B4BD8F /* TaskCardView.swift */; };
		7D93DFBA2CEFB4221191DA00 /* Crowdfund.swift in Sources */ = {isa = PBXBuildFile; fileRef = C846A798957F0FD033C6947A /* Crowdfund.swift */; };
		7DBE11C993C58C1F6813E11A /* CreateAppKeyView.swift in Sources */ = {isa = PBXBuildFile; fileRef = BBC973E64D11E112ADBFDCC2 /* CreateAppKeyView.swift */; };
		81B991697484240B64D00D34 /* LocationProvider.swift in Sources */ = {isa = PBXBuildFile; fileRef = 5640137601A514F0EA537475 /* LocationProvider.swift */; };
		835258D036CAA9E6F9C6FB8D /* CitySwitcherSheet.swift in Sources */ = {isa = PBXBuildFile; fileRef = 6ED4139EAF4EA7022FFB919A /* CitySwitcherSheet.swift */; };
		8609BC81D4B83810919D67E7 /* TaskItem.swift in Sources */ = {isa = PBXBuildFile; fileRef = C4F316E31ADD4D6EB42BDFE5 /* TaskItem.swift */; };
		8B052CB7A674B21ED4CD7726 /* TribesNavigation.swift in Sources */ = {isa = PBXBuildFile; fileRef = 8F09D75A7CE5DEC2848DC210 /* TribesNavigation.swift */; };
		8B504839414AB5413F7C56AD /* ProfileEditorView.swift in Sources */ = {isa = PBXBuildFile; fileRef = 067E8CE767B11F85B26D08FD /* ProfileEditorView.swift */; };
		8C327003D1D2C8E7B395C998 /* CreateMode.swift in Sources */ = {isa = PBXBuildFile; fileRef = 3B8DB7207CE01C9CFB3F308F /* CreateMode.swift */; };
		8F6141C598D157F3241C3849 /* Event.swift in Sources */ = {isa = PBXBuildFile; fileRef = 796ECC5DA3081DD93E34E78A /* Event.swift */; };
		907B03368177D07E3C6E16EC /* TweetMedia.swift in Sources */ = {isa = PBXBuildFile; fileRef = A7A05E0148AA93495FF7C158 /* TweetMedia.swift */; };
		91FC38CAC5E6B5AFF7CB77A4 /* DMThreadView.swift in Sources */ = {isa = PBXBuildFile; fileRef = D69E50D7DAC091CAA594671A /* DMThreadView.swift */; };
		956F7E90178FC455E4641F1B /* CreateTribeComposer.swift in Sources */ = {isa = PBXBuildFile; fileRef = 0B067C6CC263D477F4CF8FD3 /* CreateTribeComposer.swift */; };
		95D14E4A7F49052EE8593716 /* FeedCardChrome.swift in Sources */ = {isa = PBXBuildFile; fileRef = DF0E7A6A0657186A97975BD4 /* FeedCardChrome.swift */; };
		999710ECCF2BC462DEC8530D /* Activity.swift in Sources */ = {isa = PBXBuildFile; fileRef = C58AEEC6020652595A0E48CD /* Activity.swift */; };
		99FA759B731D5D2E8E9EEEF9 /* HubRealtime.swift in Sources */ = {isa = PBXBuildFile; fileRef = 3ADD23F8C47237C6B6740BC2 /* HubRealtime.swift */; };
		9A9938B2232178052CF18A1C /* TribesDirectoryView.swift in Sources */ = {isa = PBXBuildFile; fileRef = 789B3F447649F4BB4585AE07 /* TribesDirectoryView.swift */; };
		9BD996FB8E48D51C24C3D579 /* Channel.swift in Sources */ = {isa = PBXBuildFile; fileRef = 57D461CD15BF8F037599D855 /* Channel.swift */; };
		9EA19A786E6EF4CFD4C5FC25 /* NotificationsListView.swift in Sources */ = {isa = PBXBuildFile; fileRef = 1DC87039824F071B18B782FC /* NotificationsListView.swift */; };
		9FC781848D28FF3079127BFC /* Tweet.swift in Sources */ = {isa = PBXBuildFile; fileRef = C5FB218F73AC2171014CC229 /* Tweet.swift */; };
		A1AAD762DEFCF0A66B03054B /* CreateEventComposer.swift in Sources */ = {isa = PBXBuildFile; fileRef = 88AC3D30F95FBE7101AFDE97 /* CreateEventComposer.swift */; };
		A50D8F17C8AF47C3CB14A73F /* ToastOverlay.swift in Sources */ = {isa = PBXBuildFile; fileRef = 1A65E5DFD5BC79A7D590F97C /* ToastOverlay.swift */; };
		A5B712A18C22BCE125FC6B4B /* Tip.swift in Sources */ = {isa = PBXBuildFile; fileRef = 5C59DD4D305886A04B76BFA9 /* Tip.swift */; };
		AA8DA8B8412F1B25DFF500FB /* WalletView.swift in Sources */ = {isa = PBXBuildFile; fileRef = 3F8821680E790D119FC1F997 /* WalletView.swift */; };
		AC7D4638E687EB32DFD79605 /* FeedItem.swift in Sources */ = {isa = PBXBuildFile; fileRef = CA90E59C1D793FB735DFF3B5 /* FeedItem.swift */; };
		ACB6FAF7935E7E0DB6E7EE18 /* UserAvatarView.swift in Sources */ = {isa = PBXBuildFile; fileRef = F6840B61630C0F8967634C27 /* UserAvatarView.swift */; };
		ACC13B2416708C3A6CA5FE91 /* ChannelPickerField.swift in Sources */ = {isa = PBXBuildFile; fileRef = CD85F9A78E9F3618BF7B1AD4 /* ChannelPickerField.swift */; };
		ADA25B37B0AACF7ACD5CDF5B /* ProfileView.swift in Sources */ = {isa = PBXBuildFile; fileRef = 324E12B7B1C9A62710D911D9 /* ProfileView.swift */; };
		B030B742AD4ED18375570861 /* ImageCache.swift in Sources */ = {isa = PBXBuildFile; fileRef = 046D83C8929EDA0C5162B184 /* ImageCache.swift */; };
		B4465A5B2A3B555B0E9CDA3F /* Theme.swift in Sources */ = {isa = PBXBuildFile; fileRef = 942A2D92AA5AE19ED4682E66 /* Theme.swift */; };
		B77A6F357CC7F61D3313113B /* SeedPhraseConnectView.swift in Sources */ = {isa = PBXBuildFile; fileRef = 84B7D76F713B555018D8909F /* SeedPhraseConnectView.swift */; };
		B8FB544630F096C62E6082AA /* CityPickerView.swift in Sources */ = {isa = PBXBuildFile; fileRef = CE6A4AF1C7F7022E109914CB /* CityPickerView.swift */; };
		BA92FFDA34FD9770E34B7E17 /* CreateCrowdfundComposer.swift in Sources */ = {isa = PBXBuildFile; fileRef = 647235A3767BE0AD3C944792 /* CreateCrowdfundComposer.swift */; };
		BD0B5F39F09CCDEAC008EC26 /* HomeFeedStore.swift in Sources */ = {isa = PBXBuildFile; fileRef = 82EBC89C6CCE1686D565DEC9 /* HomeFeedStore.swift */; };
		C3097687B2FE45784A4D81E2 /* CrowdfundCardView.swift in Sources */ = {isa = PBXBuildFile; fileRef = B402BDAF2716EB3513029FB2 /* CrowdfundCardView.swift */; };
		C4FAC6691C7EEB139CE52CB3 /* AppState.swift in Sources */ = {isa = PBXBuildFile; fileRef = 20D1036BD275800BB629E522 /* AppState.swift */; };
		C8A0EA7530428356D2B46BD1 /* DM.swift in Sources */ = {isa = PBXBuildFile; fileRef = 7E0339D1BC6661D15675D8FF /* DM.swift */; };
		D23D2B56952388718470E2D0 /* RootShellView.swift in Sources */ = {isa = PBXBuildFile; fileRef = 973962C0952FADD5234D56D7 /* RootShellView.swift */; };
		D49CEF8D13C936ADB2A380FC /* ActivityView.swift in Sources */ = {isa = PBXBuildFile; fileRef = C91D1BD8FD2D6589D30E8868 /* ActivityView.swift */; };
		D54B6660FA24A53F83296BB9 /* EmptyStateView.swift in Sources */ = {isa = PBXBuildFile; fileRef = E247132AC8F09B985A36FBEA /* EmptyStateView.swift */; };
		D65E53FA087254C1188B040C /* ExploreView.swift in Sources */ = {isa = PBXBuildFile; fileRef = BAA6E7D7EA6F1F95306CBCB1 /* ExploreView.swift */; };
		D974EA50F93163C95E2C0EDA /* UserAvatarCache.swift in Sources */ = {isa = PBXBuildFile; fileRef = FC550AF1EFFB42D20B5CAC4D /* UserAvatarCache.swift */; };
		DA4040ABF56ED14EB7BC4022 /* Notification.swift in Sources */ = {isa = PBXBuildFile; fileRef = 883F07DCE90D564F8344AC20 /* Notification.swift */; };
		DBEA3679F5837AC3092FC422 /* Karma.swift in Sources */ = {isa = PBXBuildFile; fileRef = 1563E079D1D417DD80853935 /* Karma.swift */; };
		E17D963EC4A2564DACE3CC5F /* CachedAsyncImage.swift in Sources */ = {isa = PBXBuildFile; fileRef = 5AA95259DB445C588F57AF33 /* CachedAsyncImage.swift */; };
		E3F18D3A15B0FABAE57DF442 /* BottomPillNav.swift in Sources */ = {isa = PBXBuildFile; fileRef = B778F545C2B5BC16AD9B65B2 /* BottomPillNav.swift */; };
		E4C7349EEFE90C752A8CB078 /* ImportIdentityView.swift in Sources */ = {isa = PBXBuildFile; fileRef = BF5DEDA0434C7CEEC965C951 /* ImportIdentityView.swift */; };
		E5F62E501F9A315E9BB63924 /* ToastCenter.swift in Sources */ = {isa = PBXBuildFile; fileRef = D1A8689502FAD148383CE72C /* ToastCenter.swift */; };
		E7FE6A73DA97D3B9EE0DA385 /* HubDecode.swift in Sources */ = {isa = PBXBuildFile; fileRef = A303A5C9C0E1F914313853FE /* HubDecode.swift */; };
		EDD1FFDCD6959E6A944CD35C /* HubClient.swift in Sources */ = {isa = PBXBuildFile; fileRef = 400407BB1BBE8FDD246EC6A3 /* HubClient.swift */; };
		EE899113D3150B26FB8FEC77 /* EventCardView.swift in Sources */ = {isa = PBXBuildFile; fileRef = E3B6A0773DFA446B06618A29 /* EventCardView.swift */; };
		F10B4DD2E0D67424A7C94CF8 /* TribeApp.swift in Sources */ = {isa = PBXBuildFile; fileRef = 4F263511F6D54A1411DBB62B /* TribeApp.swift */; };
		F2C7511BFF594B4131451A35 /* CreateTaskComposer.swift in Sources */ = {isa = PBXBuildFile; fileRef = BE5D5668924DE49710E4C344 /* CreateTaskComposer.swift */; };
		F30B2AEA17C9354657559DEA /* MapView.swift in Sources */ = {isa = PBXBuildFile; fileRef = 80004276DE270CEAB42DA27A /* MapView.swift */; };
		FC1DD2DB22B6CB242E0B13A8 /* FollowButton.swift in Sources */ = {isa = PBXBuildFile; fileRef = B4F4E08FA62DE02D95E623CB /* FollowButton.swift */; };
		FF3662099FB3C2F3B4C43D51 /* RootView.swift in Sources */ = {isa = PBXBuildFile; fileRef = 22E890785885D116D49AA9EA /* RootView.swift */; };
/* End PBXBuildFile section */

/* Begin PBXFileReference section */
		046D83C8929EDA0C5162B184 /* ImageCache.swift */ = {isa = PBXFileReference; lastKnownFileType = sourcecode.swift; path = ImageCache.swift; sourceTree = "<group>"; };
		067E8CE767B11F85B26D08FD /* ProfileEditorView.swift */ = {isa = PBXFileReference; lastKnownFileType = sourcecode.swift; path = ProfileEditorView.swift; sourceTree = "<group>"; };
		09ABC87B51A233D3A59DBD54 /* HubSettlementBadge.swift */ = {isa = PBXFileReference; lastKnownFileType = sourcecode.swift; path = HubSettlementBadge.swift; sourceTree = "<group>"; };
		0B067C6CC263D477F4CF8FD3 /* CreateTribeComposer.swift */ = {isa = PBXFileReference; lastKnownFileType = sourcecode.swift; path = CreateTribeComposer.swift; sourceTree = "<group>"; };
		13EB0054A730624F09E26DE9 /* tribe-core-swift */ = {isa = PBXFileReference; lastKnownFileType = folder; name = "tribe-core-swift"; path = "../tribe-core-swift"; sourceTree = SOURCE_ROOT; };
		155F8E1275747FF09B2BF696 /* ShellTab.swift */ = {isa = PBXFileReference; lastKnownFileType = sourcecode.swift; path = ShellTab.swift; sourceTree = "<group>"; };
		1563E079D1D417DD80853935 /* Karma.swift */ = {isa = PBXFileReference; lastKnownFileType = sourcecode.swift; path = Karma.swift; sourceTree = "<group>"; };
		1A65E5DFD5BC79A7D590F97C /* ToastOverlay.swift */ = {isa = PBXFileReference; lastKnownFileType = sourcecode.swift; path = ToastOverlay.swift; sourceTree = "<group>"; };
		1DC87039824F071B18B782FC /* NotificationsListView.swift */ = {isa = PBXFileReference; lastKnownFileType = sourcecode.swift; path = NotificationsListView.swift; sourceTree = "<group>"; };
		20D1036BD275800BB629E522 /* AppState.swift */ = {isa = PBXFileReference; lastKnownFileType = sourcecode.swift; path = AppState.swift; sourceTree = "<group>"; };
		210CB5BA0E0F802E20308F81 /* User.swift */ = {isa = PBXFileReference; lastKnownFileType = sourcecode.swift; path = User.swift; sourceTree = "<group>"; };
		22E2C00902A5487A3C3C9C4F /* Tribe.app */ = {isa = PBXFileReference; includeInIndex = 0; lastKnownFileType = wrapper.application; path = Tribe.app; sourceTree = BUILT_PRODUCTS_DIR; };
		22E890785885D116D49AA9EA /* RootView.swift */ = {isa = PBXFileReference; lastKnownFileType = sourcecode.swift; path = RootView.swift; sourceTree = "<group>"; };
		26074694C874B32FB1504E70 /* ERClient.swift */ = {isa = PBXFileReference; lastKnownFileType = sourcecode.swift; path = ERClient.swift; sourceTree = "<group>"; };
		2888D6CC9EEAD336982C0E17 /* Poll.swift */ = {isa = PBXFileReference; lastKnownFileType = sourcecode.swift; path = Poll.swift; sourceTree = "<group>"; };
		324E12B7B1C9A62710D911D9 /* ProfileView.swift */ = {isa = PBXFileReference; lastKnownFileType = sourcecode.swift; path = ProfileView.swift; sourceTree = "<group>"; };
		395D0A57F7AA1A56EC735900 /* CitySwitchOverlay.swift */ = {isa = PBXFileReference; lastKnownFileType = sourcecode.swift; path = CitySwitchOverlay.swift; sourceTree = "<group>"; };
		39B9B6AA3EF18C34D538C2A4 /* Config.swift */ = {isa = PBXFileReference; lastKnownFileType = sourcecode.swift; path = Config.swift; sourceTree = "<group>"; };
		3ADD23F8C47237C6B6740BC2 /* HubRealtime.swift */ = {isa = PBXFileReference; lastKnownFileType = sourcecode.swift; path = HubRealtime.swift; sourceTree = "<group>"; };
		3B8DB7207CE01C9CFB3F308F /* CreateMode.swift */ = {isa = PBXFileReference; lastKnownFileType = sourcecode.swift; path = CreateMode.swift; sourceTree = "<group>"; };
		3F8821680E790D119FC1F997 /* WalletView.swift */ = {isa = PBXFileReference; lastKnownFileType = sourcecode.swift; path = WalletView.swift; sourceTree = "<group>"; };
		400407BB1BBE8FDD246EC6A3 /* HubClient.swift */ = {isa = PBXFileReference; lastKnownFileType = sourcecode.swift; path = HubClient.swift; sourceTree = "<group>"; };
		44B86BD45D2414FE1DFEA647 /* FormatCount.swift */ = {isa = PBXFileReference; lastKnownFileType = sourcecode.swift; path = FormatCount.swift; sourceTree = "<group>"; };
		4574EEDEC4BB8FC28300AB90 /* NotificationsStore.swift */ = {isa = PBXFileReference; lastKnownFileType = sourcecode.swift; path = NotificationsStore.swift; sourceTree = "<group>"; };
		4EEEB51F07EA129D77CC2E88 /* HomeFeedView.swift */ = {isa = PBXFileReference; lastKnownFileType = sourcecode.swift; path = HomeFeedView.swift; sourceTree = "<group>"; };
		4F263511F6D54A1411DBB62B /* TribeApp.swift */ = {isa = PBXFileReference; lastKnownFileType = sourcecode.swift; path = TribeApp.swift; sourceTree = "<group>"; };
		5640137601A514F0EA537475 /* LocationProvider.swift */ = {isa = PBXFileReference; lastKnownFileType = sourcecode.swift; path = LocationProvider.swift; sourceTree = "<group>"; };
		57D461CD15BF8F037599D855 /* Channel.swift */ = {isa = PBXFileReference; lastKnownFileType = sourcecode.swift; path = Channel.swift; sourceTree = "<group>"; };
		57DB2940906876772C47FF0A /* CreateHubView.swift */ = {isa = PBXFileReference; lastKnownFileType = sourcecode.swift; path = CreateHubView.swift; sourceTree = "<group>"; };
		5AA95259DB445C588F57AF33 /* CachedAsyncImage.swift */ = {isa = PBXFileReference; lastKnownFileType = sourcecode.swift; path = CachedAsyncImage.swift; sourceTree = "<group>"; };
		5C59DD4D305886A04B76BFA9 /* Tip.swift */ = {isa = PBXFileReference; lastKnownFileType = sourcecode.swift; path = Tip.swift; sourceTree = "<group>"; };
		5C64AE38FA22EF52A3C9B412 /* SolanaRPCClient.swift */ = {isa = PBXFileReference; lastKnownFileType = sourcecode.swift; path = SolanaRPCClient.swift; sourceTree = "<group>"; };
		5FA8FD7C67A4F087BE9CF2AE /* Slug.swift */ = {isa = PBXFileReference; lastKnownFileType = sourcecode.swift; path = Slug.swift; sourceTree = "<group>"; };
		647235A3767BE0AD3C944792 /* CreateCrowdfundComposer.swift */ = {isa = PBXFileReference; lastKnownFileType = sourcecode.swift; path = CreateCrowdfundComposer.swift; sourceTree = "<group>"; };
		6ED4139EAF4EA7022FFB919A /* CitySwitcherSheet.swift */ = {isa = PBXFileReference; lastKnownFileType = sourcecode.swift; path = CitySwitcherSheet.swift; sourceTree = "<group>"; };
		7740838B52095456DD8F44AF /* ShellPlaceholderScreen.swift */ = {isa = PBXFileReference; lastKnownFileType = sourcecode.swift; path = ShellPlaceholderScreen.swift; sourceTree = "<group>"; };
		789B3F447649F4BB4585AE07 /* TribesDirectoryView.swift */ = {isa = PBXFileReference; lastKnownFileType = sourcecode.swift; path = TribesDirectoryView.swift; sourceTree = "<group>"; };
		796ECC5DA3081DD93E34E78A /* Event.swift */ = {isa = PBXFileReference; lastKnownFileType = sourcecode.swift; path = Event.swift; sourceTree = "<group>"; };
		7BAE50FF86DB593BE0565EFA /* CityCatalog.swift */ = {isa = PBXFileReference; lastKnownFileType = sourcecode.swift; path = CityCatalog.swift; sourceTree = "<group>"; };
		7E0339D1BC6661D15675D8FF /* DM.swift */ = {isa = PBXFileReference; lastKnownFileType = sourcecode.swift; path = DM.swift; sourceTree = "<group>"; };
		80004276DE270CEAB42DA27A /* MapView.swift */ = {isa = PBXFileReference; lastKnownFileType = sourcecode.swift; path = MapView.swift; sourceTree = "<group>"; };
		82EBC89C6CCE1686D565DEC9 /* HomeFeedStore.swift */ = {isa = PBXFileReference; lastKnownFileType = sourcecode.swift; path = HomeFeedStore.swift; sourceTree = "<group>"; };
		836F3F62D1D1612D4FD735B1 /* CreatePollComposer.swift */ = {isa = PBXFileReference; lastKnownFileType = sourcecode.swift; path = CreatePollComposer.swift; sourceTree = "<group>"; };
		84B7D76F713B555018D8909F /* SeedPhraseConnectView.swift */ = {isa = PBXFileReference; lastKnownFileType = sourcecode.swift; path = SeedPhraseConnectView.swift; sourceTree = "<group>"; };
		883F07DCE90D564F8344AC20 /* Notification.swift */ = {isa = PBXFileReference; lastKnownFileType = sourcecode.swift; path = Notification.swift; sourceTree = "<group>"; };
		88AC3D30F95FBE7101AFDE97 /* CreateEventComposer.swift */ = {isa = PBXFileReference; lastKnownFileType = sourcecode.swift; path = CreateEventComposer.swift; sourceTree = "<group>"; };
		8C338D9EA6F3121AF9B4BD8F /* TaskCardView.swift */ = {isa = PBXFileReference; lastKnownFileType = sourcecode.swift; path = TaskCardView.swift; sourceTree = "<group>"; };
		8F09D75A7CE5DEC2848DC210 /* TribesNavigation.swift */ = {isa = PBXFileReference; lastKnownFileType = sourcecode.swift; path = TribesNavigation.swift; sourceTree = "<group>"; };
		942A2D92AA5AE19ED4682E66 /* Theme.swift */ = {isa = PBXFileReference; lastKnownFileType = sourcecode.swift; path = Theme.swift; sourceTree = "<group>"; };
		96FEC6D41B8E9F010F0B371D /* ComposeTweetView.swift */ = {isa = PBXFileReference; lastKnownFileType = sourcecode.swift; path = ComposeTweetView.swift; sourceTree = "<group>"; };
		973962C0952FADD5234D56D7 /* RootShellView.swift */ = {isa = PBXFileReference; lastKnownFileType = sourcecode.swift; path = RootShellView.swift; sourceTree = "<group>"; };
		A303A5C9C0E1F914313853FE /* HubDecode.swift */ = {isa = PBXFileReference; lastKnownFileType = sourcecode.swift; path = HubDecode.swift; sourceTree = "<group>"; };
		A4D9E8E58C4081E671EDFC4B /* InteractionCache.swift */ = {isa = PBXFileReference; lastKnownFileType = sourcecode.swift; path = InteractionCache.swift; sourceTree = "<group>"; };
		A7A05E0148AA93495FF7C158 /* TweetMedia.swift */ = {isa = PBXFileReference; lastKnownFileType = sourcecode.swift; path = TweetMedia.swift; sourceTree = "<group>"; };
		B0B0317C6181770D4F27FA01 /* Endpoints.swift */ = {isa = PBXFileReference; lastKnownFileType = sourcecode.swift; path = Endpoints.swift; sourceTree = "<group>"; };
		B0BF79C4209D3F8D0917807B /* TweetMediaPreview.swift */ = {isa = PBXFileReference; lastKnownFileType = sourcecode.swift; path = TweetMediaPreview.swift; sourceTree = "<group>"; };
		B402BDAF2716EB3513029FB2 /* CrowdfundCardView.swift */ = {isa = PBXFileReference; lastKnownFileType = sourcecode.swift; path = CrowdfundCardView.swift; sourceTree = "<group>"; };
		B4F4E08FA62DE02D95E623CB /* FollowButton.swift */ = {isa = PBXFileReference; lastKnownFileType = sourcecode.swift; path = FollowButton.swift; sourceTree = "<group>"; };
		B778F545C2B5BC16AD9B65B2 /* BottomPillNav.swift */ = {isa = PBXFileReference; lastKnownFileType = sourcecode.swift; path = BottomPillNav.swift; sourceTree = "<group>"; };
		B8C035E8A14D8829B7F2D4DA /* Assets.xcassets */ = {isa = PBXFileReference; lastKnownFileType = folder.assetcatalog; path = Assets.xcassets; sourceTree = "<group>"; };
		BAA6E7D7EA6F1F95306CBCB1 /* ExploreView.swift */ = {isa = PBXFileReference; lastKnownFileType = sourcecode.swift; path = ExploreView.swift; sourceTree = "<group>"; };
		BBC973E64D11E112ADBFDCC2 /* CreateAppKeyView.swift */ = {isa = PBXFileReference; lastKnownFileType = sourcecode.swift; path = CreateAppKeyView.swift; sourceTree = "<group>"; };
		BE5D5668924DE49710E4C344 /* CreateTaskComposer.swift */ = {isa = PBXFileReference; lastKnownFileType = sourcecode.swift; path = CreateTaskComposer.swift; sourceTree = "<group>"; };
		BF5DEDA0434C7CEEC965C951 /* ImportIdentityView.swift */ = {isa = PBXFileReference; lastKnownFileType = sourcecode.swift; path = ImportIdentityView.swift; sourceTree = "<group>"; };
		C44AB328E70DE54E82193354 /* Publish.swift */ = {isa = PBXFileReference; lastKnownFileType = sourcecode.swift; path = Publish.swift; sourceTree = "<group>"; };
		C4F316E31ADD4D6EB42BDFE5 /* TaskItem.swift */ = {isa = PBXFileReference; lastKnownFileType = sourcecode.swift; path = TaskItem.swift; sourceTree = "<group>"; };
		C58AEEC6020652595A0E48CD /* Activity.swift */ = {isa = PBXFileReference; lastKnownFileType = sourcecode.swift; path = Activity.swift; sourceTree = "<group>"; };
		C5FB218F73AC2171014CC229 /* Tweet.swift */ = {isa = PBXFileReference; lastKnownFileType = sourcecode.swift; path = Tweet.swift; sourceTree = "<group>"; };
		C7B8B8EB5A074A2E441672DB /* ChatListView.swift */ = {isa = PBXFileReference; lastKnownFileType = sourcecode.swift; path = ChatListView.swift; sourceTree = "<group>"; };
		C846A798957F0FD033C6947A /* Crowdfund.swift */ = {isa = PBXFileReference; lastKnownFileType = sourcecode.swift; path = Crowdfund.swift; sourceTree = "<group>"; };
		C91D1BD8FD2D6589D30E8868 /* ActivityView.swift */ = {isa = PBXFileReference; lastKnownFileType = sourcecode.swift; path = ActivityView.swift; sourceTree = "<group>"; };
		CA90E59C1D793FB735DFF3B5 /* FeedItem.swift */ = {isa = PBXFileReference; lastKnownFileType = sourcecode.swift; path = FeedItem.swift; sourceTree = "<group>"; };
		CD367A684EDD86C88B3AF742 /* FollowListView.swift */ = {isa = PBXFileReference; lastKnownFileType = sourcecode.swift; path = FollowListView.swift; sourceTree = "<group>"; };
		CD85F9A78E9F3618BF7B1AD4 /* ChannelPickerField.swift */ = {isa = PBXFileReference; lastKnownFileType = sourcecode.swift; path = ChannelPickerField.swift; sourceTree = "<group>"; };
		CE6A4AF1C7F7022E109914CB /* CityPickerView.swift */ = {isa = PBXFileReference; lastKnownFileType = sourcecode.swift; path = CityPickerView.swift; sourceTree = "<group>"; };
		D1A8689502FAD148383CE72C /* ToastCenter.swift */ = {isa = PBXFileReference; lastKnownFileType = sourcecode.swift; path = ToastCenter.swift; sourceTree = "<group>"; };
		D69E50D7DAC091CAA594671A /* DMThreadView.swift */ = {isa = PBXFileReference; lastKnownFileType = sourcecode.swift; path = DMThreadView.swift; sourceTree = "<group>"; };
		D75324EF5DECA23A2EEAC636 /* MapDummyData.swift */ = {isa = PBXFileReference; lastKnownFileType = sourcecode.swift; path = MapDummyData.swift; sourceTree = "<group>"; };
		D7BE551BF16A9957198C2FFE /* NewDMSheet.swift */ = {isa = PBXFileReference; lastKnownFileType = sourcecode.swift; path = NewDMSheet.swift; sourceTree = "<group>"; };
		DA23D4F13336D3DA83D7EA8B /* KarmaSheet.swift */ = {isa = PBXFileReference; lastKnownFileType = sourcecode.swift; path = KarmaSheet.swift; sourceTree = "<group>"; };
		DB6ACEFB29FB90899040B83F /* ConnectFlow.swift */ = {isa = PBXFileReference; lastKnownFileType = sourcecode.swift; path = ConnectFlow.swift; sourceTree = "<group>"; };
		DCF78BBF72B6B2797C89AD8F /* Info.plist */ = {isa = PBXFileReference; lastKnownFileType = text.plist; path = Info.plist; sourceTree = "<group>"; };
		DF0E7A6A0657186A97975BD4 /* FeedCardChrome.swift */ = {isa = PBXFileReference; lastKnownFileType = sourcecode.swift; path = FeedCardChrome.swift; sourceTree = "<group>"; };
		DFFF58CB923DF415352F0B30 /* TweetCardView.swift */ = {isa = PBXFileReference; lastKnownFileType = sourcecode.swift; path = TweetCardView.swift; sourceTree = "<group>"; };
		E247132AC8F09B985A36FBEA /* EmptyStateView.swift */ = {isa = PBXFileReference; lastKnownFileType = sourcecode.swift; path = EmptyStateView.swift; sourceTree = "<group>"; };
		E3B6A0773DFA446B06618A29 /* EventCardView.swift */ = {isa = PBXFileReference; lastKnownFileType = sourcecode.swift; path = EventCardView.swift; sourceTree = "<group>"; };
		EF4F69FB1072F88B8847523E /* InteractionReads.swift */ = {isa = PBXFileReference; lastKnownFileType = sourcecode.swift; path = InteractionReads.swift; sourceTree = "<group>"; };
		F1F63C33A661A1B5345DDE43 /* AppHeader.swift */ = {isa = PBXFileReference; lastKnownFileType = sourcecode.swift; path = AppHeader.swift; sourceTree = "<group>"; };
		F6840B61630C0F8967634C27 /* UserAvatarView.swift */ = {isa = PBXFileReference; lastKnownFileType = sourcecode.swift; path = UserAvatarView.swift; sourceTree = "<group>"; };
		F95C3328A83629F9C0A2C2AE /* HomeFeedItemsView.swift */ = {isa = PBXFileReference; lastKnownFileType = sourcecode.swift; path = HomeFeedItemsView.swift; sourceTree = "<group>"; };
		F9D5FFEDC78531A2E9116928 /* OnchainTipStatsCache.swift */ = {isa = PBXFileReference; lastKnownFileType = sourcecode.swift; path = OnchainTipStatsCache.swift; sourceTree = "<group>"; };
		FA2572C9B793C493031A1AC7 /* PollCardView.swift */ = {isa = PBXFileReference; lastKnownFileType = sourcecode.swift; path = PollCardView.swift; sourceTree = "<group>"; };
		FC550AF1EFFB42D20B5CAC4D /* UserAvatarCache.swift */ = {isa = PBXFileReference; lastKnownFileType = sourcecode.swift; path = UserAvatarCache.swift; sourceTree = "<group>"; };
		FD97737CA90A0857F0BE5F55 /* RelativeTime.swift */ = {isa = PBXFileReference; lastKnownFileType = sourcecode.swift; path = RelativeTime.swift; sourceTree = "<group>"; };
		FDA368F61910EB298748F73E /* TribeDetailView.swift */ = {isa = PBXFileReference; lastKnownFileType = sourcecode.swift; path = TribeDetailView.swift; sourceTree = "<group>"; };
/* End PBXFileReference section */

/* Begin PBXFrameworksBuildPhase section */
		D8A20A07557150332CF05B19 /* Frameworks */ = {
			isa = PBXFrameworksBuildPhase;
			buildActionMask = 2147483647;
			files = (
				0D17BB75E7A06178A2FF63A6 /* TribeCore in Frameworks */,
			);
			runOnlyForDeploymentPostprocessing = 0;
		};
/* End PBXFrameworksBuildPhase section */

/* Begin PBXGroup section */
		0E0A76AAA30F98A7240B1A03 /* Create */ = {
			isa = PBXGroup;
			children = (
				CD85F9A78E9F3618BF7B1AD4 /* ChannelPickerField.swift */,
				96FEC6D41B8E9F010F0B371D /* ComposeTweetView.swift */,
				647235A3767BE0AD3C944792 /* CreateCrowdfundComposer.swift */,
				88AC3D30F95FBE7101AFDE97 /* CreateEventComposer.swift */,
				57DB2940906876772C47FF0A /* CreateHubView.swift */,
				3B8DB7207CE01C9CFB3F308F /* CreateMode.swift */,
				836F3F62D1D1612D4FD735B1 /* CreatePollComposer.swift */,
				BE5D5668924DE49710E4C344 /* CreateTaskComposer.swift */,
				0B067C6CC263D477F4CF8FD3 /* CreateTribeComposer.swift */,
			);
			path = Create;
			sourceTree = "<group>";
		};
		167EB161A7E30DC366F92486 /* Products */ = {
			isa = PBXGroup;
			children = (
				22E2C00902A5487A3C3C9C4F /* Tribe.app */,
			);
			name = Products;
			sourceTree = "<group>";
		};
		2E8CB9A58985D02536E8F68C /* Chat */ = {
			isa = PBXGroup;
			children = (
				C7B8B8EB5A074A2E441672DB /* ChatListView.swift */,
				D69E50D7DAC091CAA594671A /* DMThreadView.swift */,
				D7BE551BF16A9957198C2FFE /* NewDMSheet.swift */,
			);
			path = Chat;
			sourceTree = "<group>";
		};
		3331D2BB4AF2887DA4B867B0 /* Onboarding */ = {
			isa = PBXGroup;
			children = (
				CE6A4AF1C7F7022E109914CB /* CityPickerView.swift */,
				DB6ACEFB29FB90899040B83F /* ConnectFlow.swift */,
				BBC973E64D11E112ADBFDCC2 /* CreateAppKeyView.swift */,
				BF5DEDA0434C7CEEC965C951 /* ImportIdentityView.swift */,
				84B7D76F713B555018D8909F /* SeedPhraseConnectView.swift */,
			);
			path = Onboarding;
			sourceTree = "<group>";
		};
		515EE6B4D2AC78D8D6342EF0 /* Map */ = {
			isa = PBXGroup;
			children = (
				D75324EF5DECA23A2EEAC636 /* MapDummyData.swift */,
				80004276DE270CEAB42DA27A /* MapView.swift */,
			);
			path = Map;
			sourceTree = "<group>";
		};
		5479D822CB1C81ACDDD2ED3F /* Views */ = {
			isa = PBXGroup;
			children = (
				E419E7576B738ABBFE8D029A /* Activity */,
				2E8CB9A58985D02536E8F68C /* Chat */,
				7191663CA3AACC932449E8FC /* Common */,
				0E0A76AAA30F98A7240B1A03 /* Create */,
				EC7C7FB180658AB1E6BB1DAE /* Explore */,
				78C5751CFEB056E066C34DD7 /* Home */,
				515EE6B4D2AC78D8D6342EF0 /* Map */,
				C7591F4A07E9E4631CEADC97 /* Notifications */,
				3331D2BB4AF2887DA4B867B0 /* Onboarding */,
				5F1ADAFD961CB8D7C0105CD1 /* Profile */,
				A221CBCA9378612D0CC0E507 /* Shell */,
				798C1232AA9054A5EDA8D42F /* Tribes */,
				F6D7E4E7A71BBC2C395A92D8 /* Wallet */,
			);
			path = Views;
			sourceTree = "<group>";
		};
		56A176A8E6768469468ED788 /* Common */ = {
			isa = PBXGroup;
			children = (
				7BAE50FF86DB593BE0565EFA /* CityCatalog.swift */,
				44B86BD45D2414FE1DFEA647 /* FormatCount.swift */,
				A303A5C9C0E1F914313853FE /* HubDecode.swift */,
				046D83C8929EDA0C5162B184 /* ImageCache.swift */,
				5640137601A514F0EA537475 /* LocationProvider.swift */,
				FD97737CA90A0857F0BE5F55 /* RelativeTime.swift */,
				5FA8FD7C67A4F087BE9CF2AE /* Slug.swift */,
				A7A05E0148AA93495FF7C158 /* TweetMedia.swift */,
			);
			path = Common;
			sourceTree = "<group>";
		};
		5F1ADAFD961CB8D7C0105CD1 /* Profile */ = {
			isa = PBXGroup;
			children = (
				CD367A684EDD86C88B3AF742 /* FollowListView.swift */,
				DA23D4F13336D3DA83D7EA8B /* KarmaSheet.swift */,
				067E8CE767B11F85B26D08FD /* ProfileEditorView.swift */,
				324E12B7B1C9A62710D911D9 /* ProfileView.swift */,
			);
			path = Profile;
			sourceTree = "<group>";
		};
		66B631989279A08C9B1E6185 /* Sources */ = {
			isa = PBXGroup;
			children = (
				C26EE9225D291300F89EDE39 /* API */,
				56A176A8E6768469468ED788 /* Common */,
				BB93AA862ACDF6E5CE965353 /* Home */,
				E6792D1196600CFEE0D6FBD4 /* Models */,
				CBBC78D5BE8DE8001059C69B /* State */,
				80ABFFB4F50FC6CF30A33642 /* Theme */,
				5479D822CB1C81ACDDD2ED3F /* Views */,
				39B9B6AA3EF18C34D538C2A4 /* Config.swift */,
			);
			path = Sources;
			sourceTree = "<group>";
		};
		7191663CA3AACC932449E8FC /* Common */ = {
			isa = PBXGroup;
			children = (
				5AA95259DB445C588F57AF33 /* CachedAsyncImage.swift */,
				E247132AC8F09B985A36FBEA /* EmptyStateView.swift */,
				DF0E7A6A0657186A97975BD4 /* FeedCardChrome.swift */,
				B4F4E08FA62DE02D95E623CB /* FollowButton.swift */,
				09ABC87B51A233D3A59DBD54 /* HubSettlementBadge.swift */,
				1A65E5DFD5BC79A7D590F97C /* ToastOverlay.swift */,
				B0BF79C4209D3F8D0917807B /* TweetMediaPreview.swift */,
				F6840B61630C0F8967634C27 /* UserAvatarView.swift */,
			);
			path = Common;
			sourceTree = "<group>";
		};
		78C5751CFEB056E066C34DD7 /* Home */ = {
			isa = PBXGroup;
			children = (
				B402BDAF2716EB3513029FB2 /* CrowdfundCardView.swift */,
				E3B6A0773DFA446B06618A29 /* EventCardView.swift */,
				F95C3328A83629F9C0A2C2AE /* HomeFeedItemsView.swift */,
				4EEEB51F07EA129D77CC2E88 /* HomeFeedView.swift */,
				FA2572C9B793C493031A1AC7 /* PollCardView.swift */,
				8C338D9EA6F3121AF9B4BD8F /* TaskCardView.swift */,
				DFFF58CB923DF415352F0B30 /* TweetCardView.swift */,
			);
			path = Home;
			sourceTree = "<group>";
		};
		798C1232AA9054A5EDA8D42F /* Tribes */ = {
			isa = PBXGroup;
			children = (
				FDA368F61910EB298748F73E /* TribeDetailView.swift */,
				789B3F447649F4BB4585AE07 /* TribesDirectoryView.swift */,
				8F09D75A7CE5DEC2848DC210 /* TribesNavigation.swift */,
			);
			path = Tribes;
			sourceTree = "<group>";
		};
		80ABFFB4F50FC6CF30A33642 /* Theme */ = {
			isa = PBXGroup;
			children = (
				942A2D92AA5AE19ED4682E66 /* Theme.swift */,
			);
			path = Theme;
			sourceTree = "<group>";
		};
		95BB929DA79D827EB75A9546 /* Packages */ = {
			isa = PBXGroup;
			children = (
				13EB0054A730624F09E26DE9 /* tribe-core-swift */,
			);
			name = Packages;
			sourceTree = "<group>";
		};
		9EE905CBA098FA288270B3C5 /* Tribe */ = {
			isa = PBXGroup;
			children = (
				B8C035E8A14D8829B7F2D4DA /* Assets.xcassets */,
				DCF78BBF72B6B2797C89AD8F /* Info.plist */,
				4F263511F6D54A1411DBB62B /* TribeApp.swift */,
			);
			path = Tribe;
			sourceTree = "<group>";
		};
		A174E2184812E734A8430FA0 = {
			isa = PBXGroup;
			children = (
				95BB929DA79D827EB75A9546 /* Packages */,
				66B631989279A08C9B1E6185 /* Sources */,
				9EE905CBA098FA288270B3C5 /* Tribe */,
				167EB161A7E30DC366F92486 /* Products */,
			);
			sourceTree = "<group>";
		};
		A221CBCA9378612D0CC0E507 /* Shell */ = {
			isa = PBXGroup;
			children = (
				F1F63C33A661A1B5345DDE43 /* AppHeader.swift */,
				B778F545C2B5BC16AD9B65B2 /* BottomPillNav.swift */,
				6ED4139EAF4EA7022FFB919A /* CitySwitcherSheet.swift */,
				395D0A57F7AA1A56EC735900 /* CitySwitchOverlay.swift */,
				973962C0952FADD5234D56D7 /* RootShellView.swift */,
				22E890785885D116D49AA9EA /* RootView.swift */,
				7740838B52095456DD8F44AF /* ShellPlaceholderScreen.swift */,
				155F8E1275747FF09B2BF696 /* ShellTab.swift */,
			);
			path = Shell;
			sourceTree = "<group>";
		};
		BB93AA862ACDF6E5CE965353 /* Home */ = {
			isa = PBXGroup;
			children = (
				CA90E59C1D793FB735DFF3B5 /* FeedItem.swift */,
				82EBC89C6CCE1686D565DEC9 /* HomeFeedStore.swift */,
			);
			path = Home;
			sourceTree = "<group>";
		};
		C26EE9225D291300F89EDE39 /* API */ = {
			isa = PBXGroup;
			children = (
				B0B0317C6181770D4F27FA01 /* Endpoints.swift */,
				26074694C874B32FB1504E70 /* ERClient.swift */,
				400407BB1BBE8FDD246EC6A3 /* HubClient.swift */,
				3ADD23F8C47237C6B6740BC2 /* HubRealtime.swift */,
				EF4F69FB1072F88B8847523E /* InteractionReads.swift */,
				C44AB328E70DE54E82193354 /* Publish.swift */,
				5C64AE38FA22EF52A3C9B412 /* SolanaRPCClient.swift */,
			);
			path = API;
			sourceTree = "<group>";
		};
		C7591F4A07E9E4631CEADC97 /* Notifications */ = {
			isa = PBXGroup;
			children = (
				1DC87039824F071B18B782FC /* NotificationsListView.swift */,
			);
			path = Notifications;
			sourceTree = "<group>";
		};
		CBBC78D5BE8DE8001059C69B /* State */ = {
			isa = PBXGroup;
			children = (
				20D1036BD275800BB629E522 /* AppState.swift */,
				A4D9E8E58C4081E671EDFC4B /* InteractionCache.swift */,
				4574EEDEC4BB8FC28300AB90 /* NotificationsStore.swift */,
				F9D5FFEDC78531A2E9116928 /* OnchainTipStatsCache.swift */,
				D1A8689502FAD148383CE72C /* ToastCenter.swift */,
				FC550AF1EFFB42D20B5CAC4D /* UserAvatarCache.swift */,
			);
			path = State;
			sourceTree = "<group>";
		};
		E419E7576B738ABBFE8D029A /* Activity */ = {
			isa = PBXGroup;
			children = (
				C91D1BD8FD2D6589D30E8868 /* ActivityView.swift */,
			);
			path = Activity;
			sourceTree = "<group>";
		};
		E6792D1196600CFEE0D6FBD4 /* Models */ = {
			isa = PBXGroup;
			children = (
				C58AEEC6020652595A0E48CD /* Activity.swift */,
				57D461CD15BF8F037599D855 /* Channel.swift */,
				C846A798957F0FD033C6947A /* Crowdfund.swift */,
				7E0339D1BC6661D15675D8FF /* DM.swift */,
				796ECC5DA3081DD93E34E78A /* Event.swift */,
				1563E079D1D417DD80853935 /* Karma.swift */,
				883F07DCE90D564F8344AC20 /* Notification.swift */,
				2888D6CC9EEAD336982C0E17 /* Poll.swift */,
				C4F316E31ADD4D6EB42BDFE5 /* TaskItem.swift */,
				5C59DD4D305886A04B76BFA9 /* Tip.swift */,
				C5FB218F73AC2171014CC229 /* Tweet.swift */,
				210CB5BA0E0F802E20308F81 /* User.swift */,
			);
			path = Models;
			sourceTree = "<group>";
		};
		EC7C7FB180658AB1E6BB1DAE /* Explore */ = {
			isa = PBXGroup;
			children = (
				BAA6E7D7EA6F1F95306CBCB1 /* ExploreView.swift */,
			);
			path = Explore;
			sourceTree = "<group>";
		};
		F6D7E4E7A71BBC2C395A92D8 /* Wallet */ = {
			isa = PBXGroup;
			children = (
				3F8821680E790D119FC1F997 /* WalletView.swift */,
			);
			path = Wallet;
			sourceTree = "<group>";
		};
/* End PBXGroup section */

/* Begin PBXNativeTarget section */
		464EC290D16B18F3622E1557 /* Tribe */ = {
			isa = PBXNativeTarget;
			buildConfigurationList = B761A32815B9B49FB3597CEE /* Build configuration list for PBXNativeTarget "Tribe" */;
			buildPhases = (
				BB7487835A3124FF6F1AF361 /* Sources */,
				B5E37D7F1FA2B29B8A200AF6 /* Resources */,
				D8A20A07557150332CF05B19 /* Frameworks */,
			);
			buildRules = (
			);
			dependencies = (
			);
			name = Tribe;
			packageProductDependencies = (
				9DDC3B60CC784400ABE7D5AD /* TribeCore */,
			);
			productName = Tribe;
			productReference = 22E2C00902A5487A3C3C9C4F /* Tribe.app */;
			productType = "com.apple.product-type.application";
		};
/* End PBXNativeTarget section */

/* Begin PBXProject section */
		F2068BE43F844A0F8A9555C7 /* Project object */ = {
			isa = PBXProject;
			attributes = {
				BuildIndependentTargetsInParallel = YES;
				LastUpgradeCheck = 1430;
				TargetAttributes = {
					464EC290D16B18F3622E1557 = {
						DevelopmentTeam = "";
						ProvisioningStyle = Automatic;
					};
				};
			};
			buildConfigurationList = 1B0C913248C9EEFAE4665364 /* Build configuration list for PBXProject "Tribe" */;
			developmentRegion = en;
			hasScannedForEncodings = 0;
			knownRegions = (
				Base,
				en,
			);
			mainGroup = A174E2184812E734A8430FA0;
			minimizedProjectReferenceProxies = 1;
			packageReferences = (
				8C0FECA46F80FEE45AC3643D /* XCLocalSwiftPackageReference "../tribe-core-swift" */,
			);
			preferredProjectObjectVersion = 77;
			productRefGroup = 167EB161A7E30DC366F92486 /* Products */;
			projectDirPath = "";
			projectRoot = "";
			targets = (
				464EC290D16B18F3622E1557 /* Tribe */,
			);
		};
/* End PBXProject section */

/* Begin PBXResourcesBuildPhase section */
		B5E37D7F1FA2B29B8A200AF6 /* Resources */ = {
			isa = PBXResourcesBuildPhase;
			buildActionMask = 2147483647;
			files = (
				39BD620D6465DA6D7729BD18 /* Assets.xcassets in Resources */,
			);
			runOnlyForDeploymentPostprocessing = 0;
		};
/* End PBXResourcesBuildPhase section */

/* Begin PBXSourcesBuildPhase section */
		BB7487835A3124FF6F1AF361 /* Sources */ = {
			isa = PBXSourcesBuildPhase;
			buildActionMask = 2147483647;
			files = (
				999710ECCF2BC462DEC8530D /* Activity.swift in Sources */,
				D49CEF8D13C936ADB2A380FC /* ActivityView.swift in Sources */,
				6C3CD0F3B38B56C36812AAF7 /* AppHeader.swift in Sources */,
				C4FAC6691C7EEB139CE52CB3 /* AppState.swift in Sources */,
				E3F18D3A15B0FABAE57DF442 /* BottomPillNav.swift in Sources */,
				E17D963EC4A2564DACE3CC5F /* CachedAsyncImage.swift in Sources */,
				9BD996FB8E48D51C24C3D579 /* Channel.swift in Sources */,
				ACC13B2416708C3A6CA5FE91 /* ChannelPickerField.swift in Sources */,
				667FA0EE942405B2E90FBB88 /* ChatListView.swift in Sources */,
				629C4FA8D0FC44DEA14E2B5A /* CityCatalog.swift in Sources */,
				B8FB544630F096C62E6082AA /* CityPickerView.swift in Sources */,
				75E7751C51B607A9F1C1FF48 /* CitySwitchOverlay.swift in Sources */,
				835258D036CAA9E6F9C6FB8D /* CitySwitcherSheet.swift in Sources */,
				3EBDAF4B583F4CFA8DFD9E40 /* ComposeTweetView.swift in Sources */,
				1B3F3869869F783ECBD2F35E /* Config.swift in Sources */,
				1340CA6225FB391A75663CCF /* ConnectFlow.swift in Sources */,
				7DBE11C993C58C1F6813E11A /* CreateAppKeyView.swift in Sources */,
				BA92FFDA34FD9770E34B7E17 /* CreateCrowdfundComposer.swift in Sources */,
				A1AAD762DEFCF0A66B03054B /* CreateEventComposer.swift in Sources */,
				455F21F1D3B7E2AA8CAC207D /* CreateHubView.swift in Sources */,
				8C327003D1D2C8E7B395C998 /* CreateMode.swift in Sources */,
				18F046D8A78918758995D7D0 /* CreatePollComposer.swift in Sources */,
				F2C7511BFF594B4131451A35 /* CreateTaskComposer.swift in Sources */,
				956F7E90178FC455E4641F1B /* CreateTribeComposer.swift in Sources */,
				7D93DFBA2CEFB4221191DA00 /* Crowdfund.swift in Sources */,
				C3097687B2FE45784A4D81E2 /* CrowdfundCardView.swift in Sources */,
				C8A0EA7530428356D2B46BD1 /* DM.swift in Sources */,
				91FC38CAC5E6B5AFF7CB77A4 /* DMThreadView.swift in Sources */,
				4845680FC094A13CAD991EE8 /* ERClient.swift in Sources */,
				D54B6660FA24A53F83296BB9 /* EmptyStateView.swift in Sources */,
				09B4E81654D80A8D2DF4225A /* Endpoints.swift in Sources */,
				8F6141C598D157F3241C3849 /* Event.swift in Sources */,
				EE899113D3150B26FB8FEC77 /* EventCardView.swift in Sources */,
				D65E53FA087254C1188B040C /* ExploreView.swift in Sources */,
				95D14E4A7F49052EE8593716 /* FeedCardChrome.swift in Sources */,
				AC7D4638E687EB32DFD79605 /* FeedItem.swift in Sources */,
				FC1DD2DB22B6CB242E0B13A8 /* FollowButton.swift in Sources */,
				18BD77F211271C5FB7EC502B /* FollowListView.swift in Sources */,
				1F2BB97E54B4048F39DC7671 /* FormatCount.swift in Sources */,
				3C2BBC66FD482834E3735324 /* HomeFeedItemsView.swift in Sources */,
				BD0B5F39F09CCDEAC008EC26 /* HomeFeedStore.swift in Sources */,
				64973A0283EBB2A2CB278D8D /* HomeFeedView.swift in Sources */,
				EDD1FFDCD6959E6A944CD35C /* HubClient.swift in Sources */,
				E7FE6A73DA97D3B9EE0DA385 /* HubDecode.swift in Sources */,
				99FA759B731D5D2E8E9EEEF9 /* HubRealtime.swift in Sources */,
				637770E9F107E7B121DCBEC4 /* HubSettlementBadge.swift in Sources */,
				B030B742AD4ED18375570861 /* ImageCache.swift in Sources */,
				E4C7349EEFE90C752A8CB078 /* ImportIdentityView.swift in Sources */,
				577E9302C52778067B4396DF /* InteractionCache.swift in Sources */,
				57CB3DA69CE6CD53A76E77CE /* InteractionReads.swift in Sources */,
				DBEA3679F5837AC3092FC422 /* Karma.swift in Sources */,
				5B7FEC9D5BEA71D477C42C86 /* KarmaSheet.swift in Sources */,
				81B991697484240B64D00D34 /* LocationProvider.swift in Sources */,
				43A52D8849DD837B517F0E21 /* MapDummyData.swift in Sources */,
				F30B2AEA17C9354657559DEA /* MapView.swift in Sources */,
				0C6A8A693B8FF4C23060E78A /* NewDMSheet.swift in Sources */,
				DA4040ABF56ED14EB7BC4022 /* Notification.swift in Sources */,
				9EA19A786E6EF4CFD4C5FC25 /* NotificationsListView.swift in Sources */,
				05D2324839AB4C294415EB52 /* NotificationsStore.swift in Sources */,
				1519FCB148C30F831F555542 /* OnchainTipStatsCache.swift in Sources */,
				42DCF84E579837013BF0F355 /* Poll.swift in Sources */,
				150DB5A5E1896AEFA0F22475 /* PollCardView.swift in Sources */,
				8B504839414AB5413F7C56AD /* ProfileEditorView.swift in Sources */,
				ADA25B37B0AACF7ACD5CDF5B /* ProfileView.swift in Sources */,
				68B543E1B915D40702CEFBA2 /* Publish.swift in Sources */,
				0D937F33CB2594E4A6BC23B0 /* RelativeTime.swift in Sources */,
				D23D2B56952388718470E2D0 /* RootShellView.swift in Sources */,
				FF3662099FB3C2F3B4C43D51 /* RootView.swift in Sources */,
				B77A6F357CC7F61D3313113B /* SeedPhraseConnectView.swift in Sources */,
				3734B65DE5C0ED03B84FB1C3 /* ShellPlaceholderScreen.swift in Sources */,
				3BB65894B6E8BA95FF88A8D9 /* ShellTab.swift in Sources */,
				2B34A5F10607AFDCFA2145D6 /* Slug.swift in Sources */,
				63C8FCBE2FA0E45688A09226 /* SolanaRPCClient.swift in Sources */,
				7CF7010A5417D698CBDA0C2C /* TaskCardView.swift in Sources */,
				8609BC81D4B83810919D67E7 /* TaskItem.swift in Sources */,
				B4465A5B2A3B555B0E9CDA3F /* Theme.swift in Sources */,
				A5B712A18C22BCE125FC6B4B /* Tip.swift in Sources */,
				E5F62E501F9A315E9BB63924 /* ToastCenter.swift in Sources */,
				A50D8F17C8AF47C3CB14A73F /* ToastOverlay.swift in Sources */,
				F10B4DD2E0D67424A7C94CF8 /* TribeApp.swift in Sources */,
				6BE6FDC0B42DEAE2950DE77F /* TribeDetailView.swift in Sources */,
				9A9938B2232178052CF18A1C /* TribesDirectoryView.swift in Sources */,
				8B052CB7A674B21ED4CD7726 /* TribesNavigation.swift in Sources */,
				9FC781848D28FF3079127BFC /* Tweet.swift in Sources */,
				6EC65981830DC529D0D8CDDE /* TweetCardView.swift in Sources */,
				907B03368177D07E3C6E16EC /* TweetMedia.swift in Sources */,
				4BE17E57B8A34B5E23BC7F32 /* TweetMediaPreview.swift in Sources */,
				5A6D388AEF0763C104ECA52C /* User.swift in Sources */,
				D974EA50F93163C95E2C0EDA /* UserAvatarCache.swift in Sources */,
				ACB6FAF7935E7E0DB6E7EE18 /* UserAvatarView.swift in Sources */,
				AA8DA8B8412F1B25DFF500FB /* WalletView.swift in Sources */,
			);
			runOnlyForDeploymentPostprocessing = 0;
		};
/* End PBXSourcesBuildPhase section */

/* Begin XCBuildConfiguration section */
		1E9182AD40CCF8C04A037613 /* Release */ = {
			isa = XCBuildConfiguration;
			buildSettings = {
				ALWAYS_SEARCH_USER_PATHS = NO;
				CLANG_ANALYZER_NONNULL = YES;
				CLANG_ANALYZER_NUMBER_OBJECT_CONVERSION = YES_AGGRESSIVE;
				CLANG_CXX_LANGUAGE_STANDARD = "gnu++14";
				CLANG_CXX_LIBRARY = "libc++";
				CLANG_ENABLE_MODULES = YES;
				CLANG_ENABLE_OBJC_ARC = YES;
				CLANG_ENABLE_OBJC_WEAK = YES;
				CLANG_WARN_BLOCK_CAPTURE_AUTORELEASING = YES;
				CLANG_WARN_BOOL_CONVERSION = YES;
				CLANG_WARN_COMMA = YES;
				CLANG_WARN_CONSTANT_CONVERSION = YES;
				CLANG_WARN_DEPRECATED_OBJC_IMPLEMENTATIONS = YES;
				CLANG_WARN_DIRECT_OBJC_ISA_USAGE = YES_ERROR;
				CLANG_WARN_DOCUMENTATION_COMMENTS = YES;
				CLANG_WARN_EMPTY_BODY = YES;
				CLANG_WARN_ENUM_CONVERSION = YES;
				CLANG_WARN_INFINITE_RECURSION = YES;
				CLANG_WARN_INT_CONVERSION = YES;
				CLANG_WARN_NON_LITERAL_NULL_CONVERSION = YES;
				CLANG_WARN_OBJC_IMPLICIT_RETAIN_SELF = YES;
				CLANG_WARN_OBJC_LITERAL_CONVERSION = YES;
				CLANG_WARN_OBJC_ROOT_CLASS = YES_ERROR;
				CLANG_WARN_QUOTED_INCLUDE_IN_FRAMEWORK_HEADER = YES;
				CLANG_WARN_RANGE_LOOP_ANALYSIS = YES;
				CLANG_WARN_STRICT_PROTOTYPES = YES;
				CLANG_WARN_SUSPICIOUS_MOVE = YES;
				CLANG_WARN_UNGUARDED_AVAILABILITY = YES_AGGRESSIVE;
				CLANG_WARN_UNREACHABLE_CODE = YES;
				CLANG_WARN__DUPLICATE_METHOD_MATCH = YES;
				COPY_PHASE_STRIP = NO;
				DEBUG_INFORMATION_FORMAT = "dwarf-with-dsym";
				ENABLE_NS_ASSERTIONS = NO;
				ENABLE_STRICT_OBJC_MSGSEND = YES;
				ENABLE_USER_SCRIPT_SANDBOXING = NO;
				GCC_C_LANGUAGE_STANDARD = gnu11;
				GCC_NO_COMMON_BLOCKS = YES;
				GCC_WARN_64_TO_32_BIT_CONVERSION = YES;
				GCC_WARN_ABOUT_RETURN_TYPE = YES_ERROR;
				GCC_WARN_UNDECLARED_SELECTOR = YES;
				GCC_WARN_UNINITIALIZED_AUTOS = YES_AGGRESSIVE;
				GCC_WARN_UNUSED_FUNCTION = YES;
				GCC_WARN_UNUSED_VARIABLE = YES;
				GENERATE_INFOPLIST_FILE = NO;
				IPHONEOS_DEPLOYMENT_TARGET = 17.0;
				MTL_ENABLE_DEBUG_INFO = NO;
				MTL_FAST_MATH = YES;
				PRODUCT_NAME = "$(TARGET_NAME)";
				SDKROOT = iphoneos;
				SWIFT_COMPILATION_MODE = wholemodule;
				SWIFT_OPTIMIZATION_LEVEL = "-O";
				SWIFT_VERSION = 5.9;
			};
			name = Release;
		};
		69C34916CD5DC3674E47B350 /* Release */ = {
			isa = XCBuildConfiguration;
			buildSettings = {
				ASSETCATALOG_COMPILER_APPICON_NAME = AppIcon;
				ASSETCATALOG_COMPILER_GLOBAL_ACCENT_COLOR_NAME = AccentColor;
				CODE_SIGN_IDENTITY = "Apple Development";
				CODE_SIGN_STYLE = Automatic;
				CURRENT_PROJECT_VERSION = 1;
				DEVELOPMENT_TEAM = "";
				ENABLE_PREVIEWS = YES;
				INFOPLIST_FILE = Tribe/Info.plist;
				LD_RUNPATH_SEARCH_PATHS = (
					"$(inherited)",
					"@executable_path/Frameworks",
				);
				MARKETING_VERSION = 0.1.0;
				PRODUCT_BUNDLE_IDENTIFIER = app.tribe.app;
				PRODUCT_NAME = Tribe;
				SDKROOT = iphoneos;
				SUPPORTED_PLATFORMS = "iphoneos iphonesimulator";
				SUPPORTS_MACCATALYST = NO;
				SUPPORTS_MAC_DESIGNED_FOR_IPHONE_IPAD = NO;
				SUPPORTS_XR_DESIGNED_FOR_IPHONE_IPAD = NO;
				SWIFT_EMIT_LOC_STRINGS = YES;
				TARGETED_DEVICE_FAMILY = 1;
			};
			name = Release;
		};
		933C785262E91F4B43F99472 /* Debug */ = {
			isa = XCBuildConfiguration;
			buildSettings = {
				ASSETCATALOG_COMPILER_APPICON_NAME = AppIcon;
				ASSETCATALOG_COMPILER_GLOBAL_ACCENT_COLOR_NAME = AccentColor;
				CODE_SIGN_IDENTITY = "Apple Development";
				CODE_SIGN_STYLE = Automatic;
				CURRENT_PROJECT_VERSION = 1;
				DEVELOPMENT_TEAM = "";
				ENABLE_PREVIEWS = YES;
				INFOPLIST_FILE = Tribe/Info.plist;
				LD_RUNPATH_SEARCH_PATHS = (
					"$(inherited)",
					"@executable_path/Frameworks",
				);
				MARKETING_VERSION = 0.1.0;
				PRODUCT_BUNDLE_IDENTIFIER = app.tribe.app;
				PRODUCT_NAME = Tribe;
				SDKROOT = iphoneos;
				SUPPORTED_PLATFORMS = "iphoneos iphonesimulator";
				SUPPORTS_MACCATALYST = NO;
				SUPPORTS_MAC_DESIGNED_FOR_IPHONE_IPAD = NO;
				SUPPORTS_XR_DESIGNED_FOR_IPHONE_IPAD = NO;
				SWIFT_EMIT_LOC_STRINGS = YES;
				TARGETED_DEVICE_FAMILY = 1;
			};
			name = Debug;
		};
		F6D4AF7553C481BBC0904F36 /* Debug */ = {
			isa = XCBuildConfiguration;
			buildSettings = {
				ALWAYS_SEARCH_USER_PATHS = NO;
				CLANG_ANALYZER_NONNULL = YES;
				CLANG_ANALYZER_NUMBER_OBJECT_CONVERSION = YES_AGGRESSIVE;
				CLANG_CXX_LANGUAGE_STANDARD = "gnu++14";
				CLANG_CXX_LIBRARY = "libc++";
				CLANG_ENABLE_MODULES = YES;
				CLANG_ENABLE_OBJC_ARC = YES;
				CLANG_ENABLE_OBJC_WEAK = YES;
				CLANG_WARN_BLOCK_CAPTURE_AUTORELEASING = YES;
				CLANG_WARN_BOOL_CONVERSION = YES;
				CLANG_WARN_COMMA = YES;
				CLANG_WARN_CONSTANT_CONVERSION = YES;
				CLANG_WARN_DEPRECATED_OBJC_IMPLEMENTATIONS = YES;
				CLANG_WARN_DIRECT_OBJC_ISA_USAGE = YES_ERROR;
				CLANG_WARN_DOCUMENTATION_COMMENTS = YES;
				CLANG_WARN_EMPTY_BODY = YES;
				CLANG_WARN_ENUM_CONVERSION = YES;
				CLANG_WARN_INFINITE_RECURSION = YES;
				CLANG_WARN_INT_CONVERSION = YES;
				CLANG_WARN_NON_LITERAL_NULL_CONVERSION = YES;
				CLANG_WARN_OBJC_IMPLICIT_RETAIN_SELF = YES;
				CLANG_WARN_OBJC_LITERAL_CONVERSION = YES;
				CLANG_WARN_OBJC_ROOT_CLASS = YES_ERROR;
				CLANG_WARN_QUOTED_INCLUDE_IN_FRAMEWORK_HEADER = YES;
				CLANG_WARN_RANGE_LOOP_ANALYSIS = YES;
				CLANG_WARN_STRICT_PROTOTYPES = YES;
				CLANG_WARN_SUSPICIOUS_MOVE = YES;
				CLANG_WARN_UNGUARDED_AVAILABILITY = YES_AGGRESSIVE;
				CLANG_WARN_UNREACHABLE_CODE = YES;
				CLANG_WARN__DUPLICATE_METHOD_MATCH = YES;
				COPY_PHASE_STRIP = NO;
				DEBUG_INFORMATION_FORMAT = dwarf;
				ENABLE_STRICT_OBJC_MSGSEND = YES;
				ENABLE_TESTABILITY = YES;
				ENABLE_USER_SCRIPT_SANDBOXING = NO;
				GCC_C_LANGUAGE_STANDARD = gnu11;
				GCC_DYNAMIC_NO_PIC = NO;
				GCC_NO_COMMON_BLOCKS = YES;
				GCC_OPTIMIZATION_LEVEL = 0;
				GCC_PREPROCESSOR_DEFINITIONS = (
					"$(inherited)",
					"DEBUG=1",
				);
				GCC_WARN_64_TO_32_BIT_CONVERSION = YES;
				GCC_WARN_ABOUT_RETURN_TYPE = YES_ERROR;
				GCC_WARN_UNDECLARED_SELECTOR = YES;
				GCC_WARN_UNINITIALIZED_AUTOS = YES_AGGRESSIVE;
				GCC_WARN_UNUSED_FUNCTION = YES;
				GCC_WARN_UNUSED_VARIABLE = YES;
				GENERATE_INFOPLIST_FILE = NO;
				IPHONEOS_DEPLOYMENT_TARGET = 17.0;
				MTL_ENABLE_DEBUG_INFO = INCLUDE_SOURCE;
				MTL_FAST_MATH = YES;
				ONLY_ACTIVE_ARCH = YES;
				PRODUCT_NAME = "$(TARGET_NAME)";
				SDKROOT = iphoneos;
				SWIFT_ACTIVE_COMPILATION_CONDITIONS = DEBUG;
				SWIFT_OPTIMIZATION_LEVEL = "-Onone";
				SWIFT_VERSION = 5.9;
			};
			name = Debug;
		};
/* End XCBuildConfiguration section */

/* Begin XCConfigurationList section */
		1B0C913248C9EEFAE4665364 /* Build configuration list for PBXProject "Tribe" */ = {
			isa = XCConfigurationList;
			buildConfigurations = (
				F6D4AF7553C481BBC0904F36 /* Debug */,
				1E9182AD40CCF8C04A037613 /* Release */,
			);
			defaultConfigurationIsVisible = 0;
			defaultConfigurationName = Debug;
		};
		B761A32815B9B49FB3597CEE /* Build configuration list for PBXNativeTarget "Tribe" */ = {
			isa = XCConfigurationList;
			buildConfigurations = (
				933C785262E91F4B43F99472 /* Debug */,
				69C34916CD5DC3674E47B350 /* Release */,
			);
			defaultConfigurationIsVisible = 0;
			defaultConfigurationName = Debug;
		};
/* End XCConfigurationList section */

/* Begin XCLocalSwiftPackageReference section */
		8C0FECA46F80FEE45AC3643D /* XCLocalSwiftPackageReference "../tribe-core-swift" */ = {
			isa = XCLocalSwiftPackageReference;
			relativePath = "../tribe-core-swift";
		};
/* End XCLocalSwiftPackageReference section */

/* Begin XCSwiftPackageProductDependency section */
		9DDC3B60CC784400ABE7D5AD /* TribeCore */ = {
			isa = XCSwiftPackageProductDependency;
			productName = TribeCore;
		};
/* End XCSwiftPackageProductDependency section */
	};
	rootObject = F2068BE43F844A0F8A9555C7 /* Project object */;
}
